// !$*UTF8*$!
{
	archiveVersion = 1;
	classes = {
	};
	objectVersion = 46;
	objects = {

/* Begin PBXBuildFile section */
		FB5BBF0C15AF6C1700825762 /* Foundation.framework in Frameworks */ = {isa = PBXBuildFile; fileRef = FB5BBF0B15AF6C1700825762 /* Foundation.framework */; };
		FB5BBF0E15AF6C1700825762 /* UIKit.framework in Frameworks */ = {isa = PBXBuildFile; fileRef = FB5BBF0D15AF6C1700825762 /* UIKit.framework */; };
		FB5BBF1015AF6C1700825762 /* CoreGraphics.framework in Frameworks */ = {isa = PBXBuildFile; fileRef = FB5BBF0F15AF6C1700825762 /* CoreGraphics.framework */; };
		FB5BBF1215AF6C1700825762 /* AddressBook.framework in Frameworks */ = {isa = PBXBuildFile; fileRef = FB5BBF1115AF6C1700825762 /* AddressBook.framework */; };
		FB5BBF1415AF6C1700825762 /* AddressBookUI.framework in Frameworks */ = {isa = PBXBuildFile; fileRef = FB5BBF1315AF6C1700825762 /* AddressBookUI.framework */; };
		FB5BBF1615AF6C1700825762 /* AudioToolbox.framework in Frameworks */ = {isa = PBXBuildFile; fileRef = FB5BBF1515AF6C1700825762 /* AudioToolbox.framework */; };
		FB5BBF1815AF6C1700825762 /* AVFoundation.framework in Frameworks */ = {isa = PBXBuildFile; fileRef = FB5BBF1715AF6C1700825762 /* AVFoundation.framework */; };
		FB5BBF1A15AF6C1700825762 /* CoreLocation.framework in Frameworks */ = {isa = PBXBuildFile; fileRef = FB5BBF1915AF6C1700825762 /* CoreLocation.framework */; };
		FB5BBF1C15AF6C1700825762 /* MediaPlayer.framework in Frameworks */ = {isa = PBXBuildFile; fileRef = FB5BBF1B15AF6C1700825762 /* MediaPlayer.framework */; };
		FB5BBF1E15AF6C1700825762 /* QuartzCore.framework in Frameworks */ = {isa = PBXBuildFile; fileRef = FB5BBF1D15AF6C1700825762 /* QuartzCore.framework */; };
		FB5BBF2015AF6C1700825762 /* SystemConfiguration.framework in Frameworks */ = {isa = PBXBuildFile; fileRef = FB5BBF1F15AF6C1700825762 /* SystemConfiguration.framework */; };
		FB5BBF2215AF6C1700825762 /* MobileCoreServices.framework in Frameworks */ = {isa = PBXBuildFile; fileRef = FB5BBF2115AF6C1700825762 /* MobileCoreServices.framework */; };
		FB5BBF2415AF6C1700825762 /* CoreMedia.framework in Frameworks */ = {isa = PBXBuildFile; fileRef = FB5BBF2315AF6C1700825762 /* CoreMedia.framework */; };
		FB5BBF2A15AF6C1700825762 /* InfoPlist.strings in Resources */ = {isa = PBXBuildFile; fileRef = FB5BBF2815AF6C1700825762 /* InfoPlist.strings */; };
		FB5BBF2C15AF6C1700825762 /* main.m in Sources */ = {isa = PBXBuildFile; fileRef = FB5BBF2B15AF6C1700825762 /* main.m */; };
		FB5BBF2F15AF6C1700825762 /* Cordova.framework in Frameworks */ = {isa = PBXBuildFile; fileRef = FB5BBF2E15AF6C1700825762 /* Cordova.framework */; };
		FB5BBF3415AF6C1700825762 /* Localizable.strings in Resources */ = {isa = PBXBuildFile; fileRef = FB5BBF3215AF6C1700825762 /* Localizable.strings */; };
		FB5BBF3815AF6C1700825762 /* Localizable.strings in Resources */ = {isa = PBXBuildFile; fileRef = FB5BBF3615AF6C1700825762 /* Localizable.strings */; };
		FB5BBF3C15AF6C1700825762 /* Localizable.strings in Resources */ = {isa = PBXBuildFile; fileRef = FB5BBF3A15AF6C1700825762 /* Localizable.strings */; };
		FB5BBF4015AF6C1700825762 /* Localizable.strings in Resources */ = {isa = PBXBuildFile; fileRef = FB5BBF3E15AF6C1700825762 /* Localizable.strings */; };
		FB5BBF4315AF6C1700825762 /* icon.png in Resources */ = {isa = PBXBuildFile; fileRef = FB5BBF4215AF6C1700825762 /* icon.png */; };
		FB5BBF4515AF6C1700825762 /* icon@2x.png in Resources */ = {isa = PBXBuildFile; fileRef = FB5BBF4415AF6C1700825762 /* icon@2x.png */; };
		FB5BBF4715AF6C1700825762 /* icon-72.png in Resources */ = {isa = PBXBuildFile; fileRef = FB5BBF4615AF6C1700825762 /* icon-72.png */; };
		FB5BBF4A15AF6C1700825762 /* Default~iphone.png in Resources */ = {isa = PBXBuildFile; fileRef = FB5BBF4915AF6C1700825762 /* Default~iphone.png */; };
		FB5BBF4C15AF6C1700825762 /* Default@2x~iphone.png in Resources */ = {isa = PBXBuildFile; fileRef = FB5BBF4B15AF6C1700825762 /* Default@2x~iphone.png */; };
		FB5BBF4E15AF6C1700825762 /* Capture.bundle in Resources */ = {isa = PBXBuildFile; fileRef = FB5BBF4D15AF6C1700825762 /* Capture.bundle */; };
		FB5BBF5015AF6C1700825762 /* Cordova.plist in Resources */ = {isa = PBXBuildFile; fileRef = FB5BBF4F15AF6C1700825762 /* Cordova.plist */; };
		FB5BBF5415AF6C1700825762 /* AppDelegate.m in Sources */ = {isa = PBXBuildFile; fileRef = FB5BBF5315AF6C1700825762 /* AppDelegate.m */; };
		FB5BBF5715AF6C1700825762 /* MainViewController.m in Sources */ = {isa = PBXBuildFile; fileRef = FB5BBF5615AF6C1700825762 /* MainViewController.m */; };
		FB5BBF5915AF6C1700825762 /* MainViewController.xib in Resources */ = {isa = PBXBuildFile; fileRef = FB5BBF5815AF6C1700825762 /* MainViewController.xib */; };
/* End PBXBuildFile section */

/* Begin PBXFileReference section */
		FB5BBF0715AF6C1700825762 /* Launch Page.app */ = {isa = PBXFileReference; explicitFileType = wrapper.application; includeInIndex = 0; path = "Launch Page.app"; sourceTree = BUILT_PRODUCTS_DIR; };
		FB5BBF0B15AF6C1700825762 /* Foundation.framework */ = {isa = PBXFileReference; lastKnownFileType = wrapper.framework; name = Foundation.framework; path = System/Library/Frameworks/Foundation.framework; sourceTree = SDKROOT; };
		FB5BBF0D15AF6C1700825762 /* UIKit.framework */ = {isa = PBXFileReference; lastKnownFileType = wrapper.framework; name = UIKit.framework; path = System/Library/Frameworks/UIKit.framework; sourceTree = SDKROOT; };
		FB5BBF0F15AF6C1700825762 /* CoreGraphics.framework */ = {isa = PBXFileReference; lastKnownFileType = wrapper.framework; name = CoreGraphics.framework; path = System/Library/Frameworks/CoreGraphics.framework; sourceTree = SDKROOT; };
		FB5BBF1115AF6C1700825762 /* AddressBook.framework */ = {isa = PBXFileReference; lastKnownFileType = wrapper.framework; name = AddressBook.framework; path = System/Library/Frameworks/AddressBook.framework; sourceTree = SDKROOT; };
		FB5BBF1315AF6C1700825762 /* AddressBookUI.framework */ = {isa = PBXFileReference; lastKnownFileType = wrapper.framework; name = AddressBookUI.framework; path = System/Library/Frameworks/AddressBookUI.framework; sourceTree = SDKROOT; };
		FB5BBF1515AF6C1700825762 /* AudioToolbox.framework */ = {isa = PBXFileReference; lastKnownFileType = wrapper.framework; name = AudioToolbox.framework; path = System/Library/Frameworks/AudioToolbox.framework; sourceTree = SDKROOT; };
		FB5BBF1715AF6C1700825762 /* AVFoundation.framework */ = {isa = PBXFileReference; lastKnownFileType = wrapper.framework; name = AVFoundation.framework; path = System/Library/Frameworks/AVFoundation.framework; sourceTree = SDKROOT; };
		FB5BBF1915AF6C1700825762 /* CoreLocation.framework */ = {isa = PBXFileReference; lastKnownFileType = wrapper.framework; name = CoreLocation.framework; path = System/Library/Frameworks/CoreLocation.framework; sourceTree = SDKROOT; };
		FB5BBF1B15AF6C1700825762 /* MediaPlayer.framework */ = {isa = PBXFileReference; lastKnownFileType = wrapper.framework; name = MediaPlayer.framework; path = System/Library/Frameworks/MediaPlayer.framework; sourceTree = SDKROOT; };
		FB5BBF1D15AF6C1700825762 /* QuartzCore.framework */ = {isa = PBXFileReference; lastKnownFileType = wrapper.framework; name = QuartzCore.framework; path = System/Library/Frameworks/QuartzCore.framework; sourceTree = SDKROOT; };
		FB5BBF1F15AF6C1700825762 /* SystemConfiguration.framework */ = {isa = PBXFileReference; lastKnownFileType = wrapper.framework; name = SystemConfiguration.framework; path = System/Library/Frameworks/SystemConfiguration.framework; sourceTree = SDKROOT; };
		FB5BBF2115AF6C1700825762 /* MobileCoreServices.framework */ = {isa = PBXFileReference; lastKnownFileType = wrapper.framework; name = MobileCoreServices.framework; path = System/Library/Frameworks/MobileCoreServices.framework; sourceTree = SDKROOT; };
		FB5BBF2315AF6C1700825762 /* CoreMedia.framework */ = {isa = PBXFileReference; lastKnownFileType = wrapper.framework; name = CoreMedia.framework; path = System/Library/Frameworks/CoreMedia.framework; sourceTree = SDKROOT; };
		FB5BBF2715AF6C1700825762 /* Launch Page-Info.plist */ = {isa = PBXFileReference; path = "Launch Page-Info.plist"; sourceTree = "<group>"; };
		FB5BBF2915AF6C1700825762 /* en */ = {isa = PBXFileReference; lastKnownFileType = text.plist.strings; name = en; path = en.lproj/InfoPlist.strings; sourceTree = "<group>"; };
		FB5BBF2B15AF6C1700825762 /* main.m */ = {isa = PBXFileReference; lastKnownFileType = sourcecode.c.objc; path = main.m; sourceTree = "<group>"; };
		FB5BBF2D15AF6C1700825762 /* Launch Page-Prefix.pch */ = {isa = PBXFileReference; path = "Launch Page-Prefix.pch"; sourceTree = "<group>"; };
		FB5BBF2E15AF6C1700825762 /* Cordova.framework */ = {isa = PBXFileReference; lastKnownFileType = wrapper.framework; name = Cordova.framework; path = /Users/Shared/Cordova/Frameworks/Cordova.framework; sourceTree = "<absolute>"; };
		FB5BBF3315AF6C1700825762 /* en */ = {isa = PBXFileReference; lastKnownFileType = text.plist.strings; name = en; path = Resources/en.lproj/Localizable.strings; sourceTree = "<group>"; };
		FB5BBF3715AF6C1700825762 /* es */ = {isa = PBXFileReference; lastKnownFileType = text.plist.strings; name = es; path = Resources/es.lproj/Localizable.strings; sourceTree = "<group>"; };
		FB5BBF3B15AF6C1700825762 /* de */ = {isa = PBXFileReference; lastKnownFileType = text.plist.strings; name = de; path = Resources/de.lproj/Localizable.strings; sourceTree = "<group>"; };
		FB5BBF3F15AF6C1700825762 /* se */ = {isa = PBXFileReference; lastKnownFileType = text.plist.strings; name = se; path = Resources/se.lproj/Localizable.strings; sourceTree = "<group>"; };
		FB5BBF4215AF6C1700825762 /* icon.png */ = {isa = PBXFileReference; lastKnownFileType = image.png; name = icon.png; path = Resources/icons/icon.png; sourceTree = "<group>"; };
		FB5BBF4415AF6C1700825762 /* icon@2x.png */ = {isa = PBXFileReference; lastKnownFileType = image.png; name = "icon@2x.png"; path = "Resources/icons/icon@2x.png"; sourceTree = "<group>"; };
		FB5BBF4615AF6C1700825762 /* icon-72.png */ = {isa = PBXFileReference; lastKnownFileType = image.png; name = "icon-72.png"; path = "Resources/icons/icon-72.png"; sourceTree = "<group>"; };
		FB5BBF4915AF6C1700825762 /* Default~iphone.png */ = {isa = PBXFileReference; lastKnownFileType = image.png; name = "Default~iphone.png"; path = "Resources/splash/Default~iphone.png"; sourceTree = "<group>"; };
		FB5BBF4B15AF6C1700825762 /* Default@2x~iphone.png */ = {isa = PBXFileReference; lastKnownFileType = image.png; name = "Default@2x~iphone.png"; path = "Resources/splash/Default@2x~iphone.png"; sourceTree = "<group>"; };
		FB5BBF4D15AF6C1700825762 /* Capture.bundle */ = {isa = PBXFileReference; lastKnownFileType = "wrapper.plug-in"; name = Capture.bundle; path = Resources/Capture.bundle; sourceTree = "<group>"; };
		FB5BBF4F15AF6C1700825762 /* Cordova.plist */ = {isa = PBXFileReference; lastKnownFileType = text.plist.xml; path = Cordova.plist; sourceTree = "<group>"; };
		FB5BBF5215AF6C1700825762 /* AppDelegate.h */ = {isa = PBXFileReference; name = AppDelegate.h; path = Classes/AppDelegate.h; sourceTree = "<group>"; };
		FB5BBF5315AF6C1700825762 /* AppDelegate.m */ = {isa = PBXFileReference; lastKnownFileType = sourcecode.c.objc; name = AppDelegate.m; path = Classes/AppDelegate.m; sourceTree = "<group>"; };
		FB5BBF5515AF6C1700825762 /* MainViewController.h */ = {isa = PBXFileReference; name = MainViewController.h; path = Classes/MainViewController.h; sourceTree = "<group>"; };
		FB5BBF5615AF6C1700825762 /* MainViewController.m */ = {isa = PBXFileReference; lastKnownFileType = sourcecode.c.objc; name = MainViewController.m; path = Classes/MainViewController.m; sourceTree = "<group>"; };
		FB5BBF5815AF6C1700825762 /* MainViewController.xib */ = {isa = PBXFileReference; lastKnownFileType = file.xib; name = MainViewController.xib; path = Classes/MainViewController.xib; sourceTree = "<group>"; };
		FB5BBF5B15AF6C1700825762 /* README */ = {isa = PBXFileReference; name = README; path = Plugins/README; sourceTree = "<group>"; };
		FB5BBF5C15AF6C1700825762 /* verify.sh */ = {isa = PBXFileReference; path = verify.sh; sourceTree = "<group>"; };
/* End PBXFileReference section */

/* Begin PBXFrameworksBuildPhase section */
		FB5BBF0115AF6C1700825762 /* Frameworks */ = {
			isa = PBXFrameworksBuildPhase;
			buildActionMask = 2147483647;
			files = (
				FB5BBF0C15AF6C1700825762 /* Foundation.framework in Frameworks */,
				FB5BBF0E15AF6C1700825762 /* UIKit.framework in Frameworks */,
				FB5BBF1015AF6C1700825762 /* CoreGraphics.framework in Frameworks */,
				FB5BBF1215AF6C1700825762 /* AddressBook.framework in Frameworks */,
				FB5BBF1415AF6C1700825762 /* AddressBookUI.framework in Frameworks */,
				FB5BBF1615AF6C1700825762 /* AudioToolbox.framework in Frameworks */,
				FB5BBF1815AF6C1700825762 /* AVFoundation.framework in Frameworks */,
				FB5BBF1A15AF6C1700825762 /* CoreLocation.framework in Frameworks */,
				FB5BBF1C15AF6C1700825762 /* MediaPlayer.framework in Frameworks */,
				FB5BBF1E15AF6C1700825762 /* QuartzCore.framework in Frameworks */,
				FB5BBF2015AF6C1700825762 /* SystemConfiguration.framework in Frameworks */,
				FB5BBF2215AF6C1700825762 /* MobileCoreServices.framework in Frameworks */,
				FB5BBF2415AF6C1700825762 /* CoreMedia.framework in Frameworks */,
				FB5BBF2F15AF6C1700825762 /* Cordova.framework in Frameworks */,
			);
			runOnlyForDeploymentPostprocessing = 0;
		};
		FB5BBF0415AF6C1700825762 /* Frameworks */ = {
			isa = PBXFrameworksBuildPhase;
			buildActionMask = 2147483647;
			files = (
			);
			runOnlyForDeploymentPostprocessing = 0;
		};
/* End PBXFrameworksBuildPhase section */

/* Begin PBXGroup section */
		FB5BBEF915AF6C1600825762 = {
			isa = PBXGroup;
			children = (
				FB5BBF2515AF6C1700825762 /* Launch Page */,
				FB5BBF0A15AF6C1700825762 /* Frameworks */,
				FB5BBF0815AF6C1700825762 /* Products */,
			);
			sourceTree = "<group>";
		};
		FB5BBF0815AF6C1700825762 /* Products */ = {
			isa = PBXGroup;
			children = (
				FB5BBF0715AF6C1700825762 /* Launch Page.app */,
			);
			name = Products;
			sourceTree = "<group>";
		};
		FB5BBF0A15AF6C1700825762 /* Frameworks */ = {
			isa = PBXGroup;
			children = (
				FB5BBF0B15AF6C1700825762 /* Foundation.framework */,
				FB5BBF0D15AF6C1700825762 /* UIKit.framework */,
				FB5BBF0F15AF6C1700825762 /* CoreGraphics.framework */,
				FB5BBF1115AF6C1700825762 /* AddressBook.framework */,
				FB5BBF1315AF6C1700825762 /* AddressBookUI.framework */,
				FB5BBF1515AF6C1700825762 /* AudioToolbox.framework */,
				FB5BBF1715AF6C1700825762 /* AVFoundation.framework */,
				FB5BBF1915AF6C1700825762 /* CoreLocation.framework */,
				FB5BBF1B15AF6C1700825762 /* MediaPlayer.framework */,
				FB5BBF1D15AF6C1700825762 /* QuartzCore.framework */,
				FB5BBF1F15AF6C1700825762 /* SystemConfiguration.framework */,
				FB5BBF2115AF6C1700825762 /* MobileCoreServices.framework */,
				FB5BBF2315AF6C1700825762 /* CoreMedia.framework */,
			);
			name = Frameworks;
			sourceTree = "<group>";
		};
		FB5BBF2515AF6C1700825762 /* Launch Page */ = {
			isa = PBXGroup;
			children = (
				FB5BBF2E15AF6C1700825762 /* Cordova.framework */,
				FB5BBF3015AF6C1700825762 /* Resources */,
				FB5BBF5115AF6C1700825762 /* Classes */,
				FB5BBF5A15AF6C1700825762 /* Plugins */,
				FB5BBF2615AF6C1700825762 /* Supporting Files */,
			);
			path = "Launch Page";
			sourceTree = "<group>";
		};
		FB5BBF2615AF6C1700825762 /* Supporting Files */ = {
			isa = PBXGroup;
			children = (
				FB5BBF2715AF6C1700825762 /* Launch Page-Info.plist */,
				FB5BBF2815AF6C1700825762 /* InfoPlist.strings */,
				FB5BBF2B15AF6C1700825762 /* main.m */,
				FB5BBF2D15AF6C1700825762 /* Launch Page-Prefix.pch */,
				FB5BBF4F15AF6C1700825762 /* Cordova.plist */,
				FB5BBF5815AF6C1700825762 /* MainViewController.xib */,
				FB5BBF5C15AF6C1700825762 /* verify.sh */,
			);
			name = "Supporting Files";
			sourceTree = "<group>";
		};
		FB5BBF3015AF6C1700825762 /* Resources */ = {
			isa = PBXGroup;
			children = (
				FB5BBF4D15AF6C1700825762 /* Capture.bundle */,
				FB5BBF3115AF6C1700825762 /* en.lproj */,
				FB5BBF3515AF6C1700825762 /* es.lproj */,
				FB5BBF3915AF6C1700825762 /* de.lproj */,
				FB5BBF3D15AF6C1700825762 /* se.lproj */,
				FB5BBF4115AF6C1700825762 /* icons */,
				FB5BBF4815AF6C1700825762 /* splash */,
			);
			name = Resources;
			sourceTree = "<group>";
		};
		FB5BBF3115AF6C1700825762 /* en.lproj */ = {
			isa = PBXGroup;
			children = (
				FB5BBF3215AF6C1700825762 /* Localizable.strings */,
			);
			name = en.lproj;
			sourceTree = "<group>";
		};
		FB5BBF3515AF6C1700825762 /* es.lproj */ = {
			isa = PBXGroup;
			children = (
				FB5BBF3615AF6C1700825762 /* Localizable.strings */,
			);
			name = es.lproj;
			sourceTree = "<group>";
		};
		FB5BBF3915AF6C1700825762 /* de.lproj */ = {
			isa = PBXGroup;
			children = (
				FB5BBF3A15AF6C1700825762 /* Localizable.strings */,
			);
			name = de.lproj;
			sourceTree = "<group>";
		};
		FB5BBF3D15AF6C1700825762 /* se.lproj */ = {
			isa = PBXGroup;
			children = (
				FB5BBF3E15AF6C1700825762 /* Localizable.strings */,
			);
			name = se.lproj;
			sourceTree = "<group>";
		};
		FB5BBF4115AF6C1700825762 /* icons */ = {
			isa = PBXGroup;
			children = (
				FB5BBF4215AF6C1700825762 /* icon.png */,
				FB5BBF4415AF6C1700825762 /* icon@2x.png */,
				FB5BBF4615AF6C1700825762 /* icon-72.png */,
			);
			name = icons;
			sourceTree = "<group>";
		};
		FB5BBF4815AF6C1700825762 /* splash */ = {
			isa = PBXGroup;
			children = (
				FB5BBF4915AF6C1700825762 /* Default~iphone.png */,
				FB5BBF4B15AF6C1700825762 /* Default@2x~iphone.png */,
			);
			name = splash;
			sourceTree = "<group>";
		};
		FB5BBF5115AF6C1700825762 /* Classes */ = {
			isa = PBXGroup;
			children = (
				FB5BBF5215AF6C1700825762 /* AppDelegate.h */,
				FB5BBF5315AF6C1700825762 /* AppDelegate.m */,
				FB5BBF5515AF6C1700825762 /* MainViewController.h */,
				FB5BBF5615AF6C1700825762 /* MainViewController.m */,
			);
			name = Classes;
			sourceTree = "<group>";
		};
		FB5BBF5A15AF6C1700825762 /* Plugins */ = {
			isa = PBXGroup;
			children = (
				FB5BBF5B15AF6C1700825762 /* README */,
			);
			name = Plugins;
			sourceTree = "<group>";
		};
/* End PBXGroup section */

/* Begin PBXNativeTarget section */
		FB5BBF0615AF6C1700825762 /* Launch Page */ = {
			isa = PBXNativeTarget;
			buildConfigurationList = FB5BBF5F15AF6C1700825762 /* Build configuration list for PBXNativeTarget "Launch Page" */;
			buildPhases = (
				FB5BBF0015AF6C1700825762 /* Sources */,
				FB5BBF0115AF6C1700825762 /* Frameworks */,
				FB5BBF0215AF6C1700825762 /* Resources */,
				FB5BBF0315AF6C1700825762 /* Sources */,
				FB5BBF0415AF6C1700825762 /* Frameworks */,
				FB5BBF0515AF6C1700825762 /* ShellScript */,
			);
			buildRules = (
			);
			dependencies = (
			);
			name = "Launch Page";
			productName = "Launch Page";
			productReference = FB5BBF0715AF6C1700825762 /* Launch Page.app */;
			productType = "com.apple.product-type.application";
		};
/* End PBXNativeTarget section */

/* Begin PBXProject section */
		FB5BBEFB15AF6C1600825762 /* Project object */ = {
			isa = PBXProject;
			attributes = {
				LastUpgradeCheck = 0430;
			};
			buildConfigurationList = FB5BBEFE15AF6C1600825762 /* Build configuration list for PBXProject "Launch Page" */;
			compatibilityVersion = "Xcode 3.2";
			developmentRegion = English;
			hasScannedForEncodings = 0;
			knownRegions = (
				en,
				es,
				de,
				se,
			);
			mainGroup = FB5BBEF915AF6C1600825762;
			productRefGroup = FB5BBF0815AF6C1700825762 /* Products */;
			projectDirPath = "";
			projectRoot = "";
			targets = (
				FB5BBF0615AF6C1700825762 /* Launch Page */,
			);
		};
/* End PBXProject section */

/* Begin PBXResourcesBuildPhase section */
		FB5BBF0215AF6C1700825762 /* Resources */ = {
			isa = PBXResourcesBuildPhase;
			buildActionMask = 2147483647;
			files = (
				FB5BBF2A15AF6C1700825762 /* InfoPlist.strings in Resources */,
				FB5BBF3415AF6C1700825762 /* Localizable.strings in Resources */,
				FB5BBF3815AF6C1700825762 /* Localizable.strings in Resources */,
				FB5BBF3C15AF6C1700825762 /* Localizable.strings in Resources */,
				FB5BBF4015AF6C1700825762 /* Localizable.strings in Resources */,
				FB5BBF4315AF6C1700825762 /* icon.png in Resources */,
				FB5BBF4515AF6C1700825762 /* icon@2x.png in Resources */,
				FB5BBF4715AF6C1700825762 /* icon-72.png in Resources */,
				FB5BBF4A15AF6C1700825762 /* Default~iphone.png in Resources */,
				FB5BBF4C15AF6C1700825762 /* Default@2x~iphone.png in Resources */,
				FB5BBF4E15AF6C1700825762 /* Capture.bundle in Resources */,
				FB5BBF5015AF6C1700825762 /* Cordova.plist in Resources */,
				FB5BBF5915AF6C1700825762 /* MainViewController.xib in Resources */,
			);
			runOnlyForDeploymentPostprocessing = 0;
		};
/* End PBXResourcesBuildPhase section */

/* Begin PBXShellScriptBuildPhase section */
		FB5BBF0515AF6C1700825762 /* ShellScript */ = {
			isa = PBXShellScriptBuildPhase;
			buildActionMask = 2147483647;
			files = (
			);
			inputPaths = (
			);
			outputPaths = (
			);
			runOnlyForDeploymentPostprocessing = 0;
			shellPath = /bin/bash;
			shellScript = "\n\t\t\t\t\t\t\t\tchmod 755 \"$PROJECT_DIR/$PROJECT_NAME/verify.sh\"\n\t\t\t\t\t\t\t\t\"$PROJECT_DIR/$PROJECT_NAME/verify.sh\"\n\t\t\t\t\t";
		};
/* End PBXShellScriptBuildPhase section */

/* Begin PBXSourcesBuildPhase section */
		FB5BBF0015AF6C1700825762 /* Sources */ = {
			isa = PBXSourcesBuildPhase;
			buildActionMask = 2147483647;
			files = (
				FB5BBF2C15AF6C1700825762 /* main.m in Sources */,
				FB5BBF5415AF6C1700825762 /* AppDelegate.m in Sources */,
				FB5BBF5715AF6C1700825762 /* MainViewController.m in Sources */,
			);
			runOnlyForDeploymentPostprocessing = 0;
		};
		FB5BBF0315AF6C1700825762 /* Sources */ = {
			isa = PBXSourcesBuildPhase;
			buildActionMask = 2147483647;
			files = (
			);
			runOnlyForDeploymentPostprocessing = 0;
		};
/* End PBXSourcesBuildPhase section */

/* Begin PBXVariantGroup section */
		FB5BBF2815AF6C1700825762 /* InfoPlist.strings */ = {
			isa = PBXVariantGroup;
			children = (
				FB5BBF2915AF6C1700825762 /* en */,
			);
			name = InfoPlist.strings;
			sourceTree = "<group>";
		};
		FB5BBF3215AF6C1700825762 /* Localizable.strings */ = {
			isa = PBXVariantGroup;
			children = (
				FB5BBF3315AF6C1700825762 /* en */,
			);
			name = Localizable.strings;
			sourceTree = "<group>";
		};
		FB5BBF3615AF6C1700825762 /* Localizable.strings */ = {
			isa = PBXVariantGroup;
			children = (
				FB5BBF3715AF6C1700825762 /* es */,
			);
			name = Localizable.strings;
			sourceTree = "<group>";
		};
		FB5BBF3A15AF6C1700825762 /* Localizable.strings */ = {
			isa = PBXVariantGroup;
			children = (
				FB5BBF3B15AF6C1700825762 /* de */,
			);
			name = Localizable.strings;
			sourceTree = "<group>";
		};
		FB5BBF3E15AF6C1700825762 /* Localizable.strings */ = {
			isa = PBXVariantGroup;
			children = (
				FB5BBF3F15AF6C1700825762 /* se */,
			);
			name = Localizable.strings;
			sourceTree = "<group>";
		};
/* End PBXVariantGroup section */

/* Begin XCBuildConfiguration section */
		FB5BBF5D15AF6C1700825762 /* Debug */ = {
			isa = XCBuildConfiguration;
			buildSettings = {
				ALWAYS_SEARCH_USER_PATHS = NO;
				ARCHS = (
					armv6,
					"$(ARCHS_STANDARD_32_BIT)",
				);
				"CODE_SIGN_IDENTITY[sdk=iphoneos*]" = "iPhone Developer";
				COPY_PHASE_STRIP = NO;
				GCC_C_LANGUAGE_STANDARD = gnu99;
				GCC_DYNAMIC_NO_PIC = NO;
				GCC_OPTIMIZATION_LEVEL = 0;
				GCC_PREPROCESSOR_DEFINITIONS = (
					"DEBUG=1",
					"$(inherited)",
				);
				GCC_SYMBOLS_PRIVATE_EXTERN = NO;
				GCC_VERSION = com.apple.compilers.llvm.clang.1_0;
				GCC_WARN_ABOUT_RETURN_TYPE = YES;
				GCC_WARN_UNINITIALIZED_AUTOS = YES;
				GCC_WARN_UNUSED_VARIABLE = YES;
				IPHONEOS_DEPLOYMENT_TARGET = 3.0;
				SDKROOT = iphoneos;
			};
			name = Debug;
		};
		FB5BBF5E15AF6C1700825762 /* Release */ = {
			isa = XCBuildConfiguration;
			buildSettings = {
				ALWAYS_SEARCH_USER_PATHS = NO;
				ARCHS = (
					armv6,
					"$(ARCHS_STANDARD_32_BIT)",
				);
				"CODE_SIGN_IDENTITY[sdk=iphoneos*]" = "iPhone Developer";
				COPY_PHASE_STRIP = YES;
				GCC_C_LANGUAGE_STANDARD = gnu99;
				GCC_VERSION = com.apple.compilers.llvm.clang.1_0;
				GCC_WARN_ABOUT_RETURN_TYPE = YES;
				GCC_WARN_UNINITIALIZED_AUTOS = YES;
				GCC_WARN_UNUSED_VARIABLE = YES;
				IPHONEOS_DEPLOYMENT_TARGET = 3.0;
				SDKROOT = iphoneos;
				VALIDATE_PRODUCT = YES;
			};
			name = Release;
		};
		FB5BBF6015AF6C1700825762 /* Debug */ = {
			isa = XCBuildConfiguration;
			buildSettings = {
				ALWAYS_SEARCH_USER_PATHS = YES;
				COPY_PHASE_STRIP = NO;
				FRAMEWORK_SEARCH_PATHS = /Users/Shared/Cordova/Frameworks;
				GCC_DYNAMIC_NO_PIC = NO;
				GCC_PRECOMPILE_PREFIX_HEADER = YES;
				GCC_PREFIX_HEADER = "Launch Page/Launch Page-Prefix.pch";
				GCC_PREPROCESSOR_DEFINITIONS = (
					"DEBUG=1,",
					"CORDOVA_FRAMEWORK=1",
				);
				INFOPLIST_FILE = "Launch Page/Launch Page-Info.plist";
				OTHER_LDFLAGS = (
					"-weak_framework",
					UIKit,
					"-weak_framework",
					AVFoundation,
					"-weak_framework",
					CoreMedia,
					"-weak-lSystem",
				);
				PRODUCT_NAME = "$(TARGET_NAME)";
				TARGETED_DEVICE_FAMILY = "1,2";
				WRAPPER_EXTENSION = app;
			};
			name = Debug;
		};
		FB5BBF6115AF6C1700825762 /* Release */ = {
			isa = XCBuildConfiguration;
			buildSettings = {
				ALWAYS_SEARCH_USER_PATHS = YES;
				COPY_PHASE_STRIP = YES;
				DEBUG_INFORMATION_FORMAT = "dwarf-with-dsym";
				FRAMEWORK_SEARCH_PATHS = /Users/Shared/Cordova/Frameworks;
				GCC_PRECOMPILE_PREFIX_HEADER = YES;
				GCC_PREFIX_HEADER = "Launch Page/Launch Page-Prefix.pch";
				GCC_PREPROCESSOR_DEFINITIONS = (
					"NDEBUG=1,",
					"CORDOVA_FRAMEWORK=1",
				);
				INFOPLIST_FILE = "Launch Page/Launch Page-Info.plist";
				OTHER_LDFLAGS = (
					"-weak_framework",
					UIKit,
					"-weak_framework",
					AVFoundation,
					"-weak_framework",
					CoreMedia,
					"-weak-lSystem",
				);
				PRODUCT_NAME = "$(TARGET_NAME)";
				TARGETED_DEVICE_FAMILY = "1,2";
				VALIDATE_PRODUCT = YES;
				WRAPPER_EXTENSION = app;
			};
			name = Release;
		};
/* End XCBuildConfiguration section */

/* Begin XCConfigurationList section */
		FB5BBEFE15AF6C1600825762 /* Build configuration list for PBXProject "Launch Page" */ = {
			isa = XCConfigurationList;
			buildConfigurations = (
				FB5BBF5D15AF6C1700825762 /* Debug */,
				FB5BBF5E15AF6C1700825762 /* Release */,
			);
			defaultConfigurationIsVisible = 0;
			defaultConfigurationName = Release;
		};
		FB5BBF5F15AF6C1700825762 /* Build configuration list for PBXNativeTarget "Launch Page" */ = {
			isa = XCConfigurationList;
			buildConfigurations = (
				FB5BBF6015AF6C1700825762 /* Debug */,
				FB5BBF6115AF6C1700825762 /* Release */,
			);
			defaultConfigurationIsVisible = 0;
		};
/* End XCConfigurationList section */
	};
	rootObject = FB5BBEFB15AF6C1600825762 /* Project object */;
}
