// !$*UTF8*$!
{
	archiveVersion = 1;
	classes = {
	};
	objectVersion = 46;
	objects = {

/* Begin PBXBuildFile section */
		FB86F5BC159BDDA3003D3126 /* Foundation.framework in Frameworks */ = {isa = PBXBuildFile; fileRef = FB86F5BB159BDDA3003D3126 /* Foundation.framework */; };
		FB86F5BE159BDDA3003D3126 /* UIKit.framework in Frameworks */ = {isa = PBXBuildFile; fileRef = FB86F5BD159BDDA3003D3126 /* UIKit.framework */; };
		FB86F5C0159BDDA3003D3126 /* CoreGraphics.framework in Frameworks */ = {isa = PBXBuildFile; fileRef = FB86F5BF159BDDA3003D3126 /* CoreGraphics.framework */; };
		FB86F5C2159BDDA3003D3126 /* AddressBook.framework in Frameworks */ = {isa = PBXBuildFile; fileRef = FB86F5C1159BDDA3003D3126 /* AddressBook.framework */; };
		FB86F5C4159BDDA3003D3126 /* AddressBookUI.framework in Frameworks */ = {isa = PBXBuildFile; fileRef = FB86F5C3159BDDA3003D3126 /* AddressBookUI.framework */; };
		FB86F5C6159BDDA3003D3126 /* AudioToolbox.framework in Frameworks */ = {isa = PBXBuildFile; fileRef = FB86F5C5159BDDA3003D3126 /* AudioToolbox.framework */; };
		FB86F5C8159BDDA3003D3126 /* AVFoundation.framework in Frameworks */ = {isa = PBXBuildFile; fileRef = FB86F5C7159BDDA3003D3126 /* AVFoundation.framework */; };
		FB86F5CA159BDDA3003D3126 /* CoreLocation.framework in Frameworks */ = {isa = PBXBuildFile; fileRef = FB86F5C9159BDDA3003D3126 /* CoreLocation.framework */; };
		FB86F5CC159BDDA3003D3126 /* MediaPlayer.framework in Frameworks */ = {isa = PBXBuildFile; fileRef = FB86F5CB159BDDA3003D3126 /* MediaPlayer.framework */; };
		FB86F5CE159BDDA3003D3126 /* QuartzCore.framework in Frameworks */ = {isa = PBXBuildFile; fileRef = FB86F5CD159BDDA3003D3126 /* QuartzCore.framework */; };
		FB86F5D0159BDDA3003D3126 /* SystemConfiguration.framework in Frameworks */ = {isa = PBXBuildFile; fileRef = FB86F5CF159BDDA3003D3126 /* SystemConfiguration.framework */; };
		FB86F5D2159BDDA3003D3126 /* MobileCoreServices.framework in Frameworks */ = {isa = PBXBuildFile; fileRef = FB86F5D1159BDDA3003D3126 /* MobileCoreServices.framework */; };
		FB86F5D4159BDDA3003D3126 /* CoreMedia.framework in Frameworks */ = {isa = PBXBuildFile; fileRef = FB86F5D3159BDDA3003D3126 /* CoreMedia.framework */; };
		FB86F5DA159BDDA3003D3126 /* InfoPlist.strings in Resources */ = {isa = PBXBuildFile; fileRef = FB86F5D8159BDDA3003D3126 /* InfoPlist.strings */; };
		FB86F5DC159BDDA3003D3126 /* main.m in Sources */ = {isa = PBXBuildFile; fileRef = FB86F5DB159BDDA3003D3126 /* main.m */; };
		FB86F5DF159BDDA3003D3126 /* Cordova.framework in Frameworks */ = {isa = PBXBuildFile; fileRef = FB86F5DE159BDDA3003D3126 /* Cordova.framework */; };
		FB86F5E4159BDDA3003D3126 /* Localizable.strings in Resources */ = {isa = PBXBuildFile; fileRef = FB86F5E2159BDDA3003D3126 /* Localizable.strings */; };
		FB86F5E8159BDDA3003D3126 /* Localizable.strings in Resources */ = {isa = PBXBuildFile; fileRef = FB86F5E6159BDDA3003D3126 /* Localizable.strings */; };
		FB86F5EC159BDDA3003D3126 /* Localizable.strings in Resources */ = {isa = PBXBuildFile; fileRef = FB86F5EA159BDDA3003D3126 /* Localizable.strings */; };
		FB86F5F0159BDDA3003D3126 /* Localizable.strings in Resources */ = {isa = PBXBuildFile; fileRef = FB86F5EE159BDDA3003D3126 /* Localizable.strings */; };
		FB86F5F3159BDDA3003D3126 /* icon.png in Resources */ = {isa = PBXBuildFile; fileRef = FB86F5F2159BDDA3003D3126 /* icon.png */; };
		FB86F5F5159BDDA3003D3126 /* icon@2x.png in Resources */ = {isa = PBXBuildFile; fileRef = FB86F5F4159BDDA3003D3126 /* icon@2x.png */; };
		FB86F5F7159BDDA3003D3126 /* icon-72.png in Resources */ = {isa = PBXBuildFile; fileRef = FB86F5F6159BDDA3003D3126 /* icon-72.png */; };
		FB86F5FA159BDDA3003D3126 /* Default~iphone.png in Resources */ = {isa = PBXBuildFile; fileRef = FB86F5F9159BDDA3003D3126 /* Default~iphone.png */; };
		FB86F5FC159BDDA3003D3126 /* Default@2x~iphone.png in Resources */ = {isa = PBXBuildFile; fileRef = FB86F5FB159BDDA3003D3126 /* Default@2x~iphone.png */; };
		FB86F5FE159BDDA4003D3126 /* Capture.bundle in Resources */ = {isa = PBXBuildFile; fileRef = FB86F5FD159BDDA4003D3126 /* Capture.bundle */; };
		FB86F600159BDDA4003D3126 /* Cordova.plist in Resources */ = {isa = PBXBuildFile; fileRef = FB86F5FF159BDDA4003D3126 /* Cordova.plist */; };
		FB86F604159BDDA4003D3126 /* AppDelegate.m in Sources */ = {isa = PBXBuildFile; fileRef = FB86F603159BDDA4003D3126 /* AppDelegate.m */; };
		FB86F607159BDDA4003D3126 /* MainViewController.m in Sources */ = {isa = PBXBuildFile; fileRef = FB86F606159BDDA4003D3126 /* MainViewController.m */; };
		FB86F609159BDDA4003D3126 /* MainViewController.xib in Resources */ = {isa = PBXBuildFile; fileRef = FB86F608159BDDA4003D3126 /* MainViewController.xib */; };
/* End PBXBuildFile section */

/* Begin PBXFileReference section */
		FB86F5B7159BDDA3003D3126 /* notsure.app */ = {isa = PBXFileReference; explicitFileType = wrapper.application; includeInIndex = 0; path = notsure.app; sourceTree = BUILT_PRODUCTS_DIR; };
		FB86F5BB159BDDA3003D3126 /* Foundation.framework */ = {isa = PBXFileReference; lastKnownFileType = wrapper.framework; name = Foundation.framework; path = System/Library/Frameworks/Foundation.framework; sourceTree = SDKROOT; };
		FB86F5BD159BDDA3003D3126 /* UIKit.framework */ = {isa = PBXFileReference; lastKnownFileType = wrapper.framework; name = UIKit.framework; path = System/Library/Frameworks/UIKit.framework; sourceTree = SDKROOT; };
		FB86F5BF159BDDA3003D3126 /* CoreGraphics.framework */ = {isa = PBXFileReference; lastKnownFileType = wrapper.framework; name = CoreGraphics.framework; path = System/Library/Frameworks/CoreGraphics.framework; sourceTree = SDKROOT; };
		FB86F5C1159BDDA3003D3126 /* AddressBook.framework */ = {isa = PBXFileReference; lastKnownFileType = wrapper.framework; name = AddressBook.framework; path = System/Library/Frameworks/AddressBook.framework; sourceTree = SDKROOT; };
		FB86F5C3159BDDA3003D3126 /* AddressBookUI.framework */ = {isa = PBXFileReference; lastKnownFileType = wrapper.framework; name = AddressBookUI.framework; path = System/Library/Frameworks/AddressBookUI.framework; sourceTree = SDKROOT; };
		FB86F5C5159BDDA3003D3126 /* AudioToolbox.framework */ = {isa = PBXFileReference; lastKnownFileType = wrapper.framework; name = AudioToolbox.framework; path = System/Library/Frameworks/AudioToolbox.framework; sourceTree = SDKROOT; };
		FB86F5C7159BDDA3003D3126 /* AVFoundation.framework */ = {isa = PBXFileReference; lastKnownFileType = wrapper.framework; name = AVFoundation.framework; path = System/Library/Frameworks/AVFoundation.framework; sourceTree = SDKROOT; };
		FB86F5C9159BDDA3003D3126 /* CoreLocation.framework */ = {isa = PBXFileReference; lastKnownFileType = wrapper.framework; name = CoreLocation.framework; path = System/Library/Frameworks/CoreLocation.framework; sourceTree = SDKROOT; };
		FB86F5CB159BDDA3003D3126 /* MediaPlayer.framework */ = {isa = PBXFileReference; lastKnownFileType = wrapper.framework; name = MediaPlayer.framework; path = System/Library/Frameworks/MediaPlayer.framework; sourceTree = SDKROOT; };
		FB86F5CD159BDDA3003D3126 /* QuartzCore.framework */ = {isa = PBXFileReference; lastKnownFileType = wrapper.framework; name = QuartzCore.framework; path = System/Library/Frameworks/QuartzCore.framework; sourceTree = SDKROOT; };
		FB86F5CF159BDDA3003D3126 /* SystemConfiguration.framework */ = {isa = PBXFileReference; lastKnownFileType = wrapper.framework; name = SystemConfiguration.framework; path = System/Library/Frameworks/SystemConfiguration.framework; sourceTree = SDKROOT; };
		FB86F5D1159BDDA3003D3126 /* MobileCoreServices.framework */ = {isa = PBXFileReference; lastKnownFileType = wrapper.framework; name = MobileCoreServices.framework; path = System/Library/Frameworks/MobileCoreServices.framework; sourceTree = SDKROOT; };
		FB86F5D3159BDDA3003D3126 /* CoreMedia.framework */ = {isa = PBXFileReference; lastKnownFileType = wrapper.framework; name = CoreMedia.framework; path = System/Library/Frameworks/CoreMedia.framework; sourceTree = SDKROOT; };
		FB86F5D7159BDDA3003D3126 /* notsure-Info.plist */ = {isa = PBXFileReference; path = "notsure-Info.plist"; sourceTree = "<group>"; };
		FB86F5D9159BDDA3003D3126 /* en */ = {isa = PBXFileReference; lastKnownFileType = text.plist.strings; name = en; path = en.lproj/InfoPlist.strings; sourceTree = "<group>"; };
		FB86F5DB159BDDA3003D3126 /* main.m */ = {isa = PBXFileReference; lastKnownFileType = sourcecode.c.objc; path = main.m; sourceTree = "<group>"; };
		FB86F5DD159BDDA3003D3126 /* notsure-Prefix.pch */ = {isa = PBXFileReference; path = "notsure-Prefix.pch"; sourceTree = "<group>"; };
		FB86F5DE159BDDA3003D3126 /* Cordova.framework */ = {isa = PBXFileReference; lastKnownFileType = wrapper.framework; name = Cordova.framework; path = /Users/Shared/Cordova/Frameworks/Cordova.framework; sourceTree = "<absolute>"; };
		FB86F5E3159BDDA3003D3126 /* en */ = {isa = PBXFileReference; lastKnownFileType = text.plist.strings; name = en; path = Resources/en.lproj/Localizable.strings; sourceTree = "<group>"; };
		FB86F5E7159BDDA3003D3126 /* es */ = {isa = PBXFileReference; lastKnownFileType = text.plist.strings; name = es; path = Resources/es.lproj/Localizable.strings; sourceTree = "<group>"; };
		FB86F5EB159BDDA3003D3126 /* de */ = {isa = PBXFileReference; lastKnownFileType = text.plist.strings; name = de; path = Resources/de.lproj/Localizable.strings; sourceTree = "<group>"; };
		FB86F5EF159BDDA3003D3126 /* se */ = {isa = PBXFileReference; lastKnownFileType = text.plist.strings; name = se; path = Resources/se.lproj/Localizable.strings; sourceTree = "<group>"; };
		FB86F5F2159BDDA3003D3126 /* icon.png */ = {isa = PBXFileReference; lastKnownFileType = image.png; name = icon.png; path = Resources/icons/icon.png; sourceTree = "<group>"; };
		FB86F5F4159BDDA3003D3126 /* icon@2x.png */ = {isa = PBXFileReference; lastKnownFileType = image.png; name = "icon@2x.png"; path = "Resources/icons/icon@2x.png"; sourceTree = "<group>"; };
		FB86F5F6159BDDA3003D3126 /* icon-72.png */ = {isa = PBXFileReference; lastKnownFileType = image.png; name = "icon-72.png"; path = "Resources/icons/icon-72.png"; sourceTree = "<group>"; };
		FB86F5F9159BDDA3003D3126 /* Default~iphone.png */ = {isa = PBXFileReference; lastKnownFileType = image.png; name = "Default~iphone.png"; path = "Resources/splash/Default~iphone.png"; sourceTree = "<group>"; };
		FB86F5FB159BDDA3003D3126 /* Default@2x~iphone.png */ = {isa = PBXFileReference; lastKnownFileType = image.png; name = "Default@2x~iphone.png"; path = "Resources/splash/Default@2x~iphone.png"; sourceTree = "<group>"; };
		FB86F5FD159BDDA4003D3126 /* Capture.bundle */ = {isa = PBXFileReference; lastKnownFileType = "wrapper.plug-in"; name = Capture.bundle; path = Resources/Capture.bundle; sourceTree = "<group>"; };
		FB86F5FF159BDDA4003D3126 /* Cordova.plist */ = {isa = PBXFileReference; lastKnownFileType = text.plist.xml; path = Cordova.plist; sourceTree = "<group>"; };
		FB86F602159BDDA4003D3126 /* AppDelegate.h */ = {isa = PBXFileReference; name = AppDelegate.h; path = Classes/AppDelegate.h; sourceTree = "<group>"; };
		FB86F603159BDDA4003D3126 /* AppDelegate.m */ = {isa = PBXFileReference; lastKnownFileType = sourcecode.c.objc; name = AppDelegate.m; path = Classes/AppDelegate.m; sourceTree = "<group>"; };
		FB86F605159BDDA4003D3126 /* MainViewController.h */ = {isa = PBXFileReference; name = MainViewController.h; path = Classes/MainViewController.h; sourceTree = "<group>"; };
		FB86F606159BDDA4003D3126 /* MainViewController.m */ = {isa = PBXFileReference; lastKnownFileType = sourcecode.c.objc; name = MainViewController.m; path = Classes/MainViewController.m; sourceTree = "<group>"; };
		FB86F608159BDDA4003D3126 /* MainViewController.xib */ = {isa = PBXFileReference; lastKnownFileType = file.xib; name = MainViewController.xib; path = Classes/MainViewController.xib; sourceTree = "<group>"; };
		FB86F60B159BDDA4003D3126 /* README */ = {isa = PBXFileReference; name = README; path = Plugins/README; sourceTree = "<group>"; };
		FB86F60C159BDDA4003D3126 /* verify.sh */ = {isa = PBXFileReference; path = verify.sh; sourceTree = "<group>"; };
/* End PBXFileReference section */

/* Begin PBXFrameworksBuildPhase section */
		FB86F5B1159BDDA3003D3126 /* Frameworks */ = {
			isa = PBXFrameworksBuildPhase;
			buildActionMask = 2147483647;
			files = (
				FB86F5BC159BDDA3003D3126 /* Foundation.framework in Frameworks */,
				FB86F5BE159BDDA3003D3126 /* UIKit.framework in Frameworks */,
				FB86F5C0159BDDA3003D3126 /* CoreGraphics.framework in Frameworks */,
				FB86F5C2159BDDA3003D3126 /* AddressBook.framework in Frameworks */,
				FB86F5C4159BDDA3003D3126 /* AddressBookUI.framework in Frameworks */,
				FB86F5C6159BDDA3003D3126 /* AudioToolbox.framework in Frameworks */,
				FB86F5C8159BDDA3003D3126 /* AVFoundation.framework in Frameworks */,
				FB86F5CA159BDDA3003D3126 /* CoreLocation.framework in Frameworks */,
				FB86F5CC159BDDA3003D3126 /* MediaPlayer.framework in Frameworks */,
				FB86F5CE159BDDA3003D3126 /* QuartzCore.framework in Frameworks */,
				FB86F5D0159BDDA3003D3126 /* SystemConfiguration.framework in Frameworks */,
				FB86F5D2159BDDA3003D3126 /* MobileCoreServices.framework in Frameworks */,
				FB86F5D4159BDDA3003D3126 /* CoreMedia.framework in Frameworks */,
				FB86F5DF159BDDA3003D3126 /* Cordova.framework in Frameworks */,
			);
			runOnlyForDeploymentPostprocessing = 0;
		};
		FB86F5B4159BDDA3003D3126 /* Frameworks */ = {
			isa = PBXFrameworksBuildPhase;
			buildActionMask = 2147483647;
			files = (
			);
			runOnlyForDeploymentPostprocessing = 0;
		};
/* End PBXFrameworksBuildPhase section */

/* Begin PBXGroup section */
		FB86F5A9159BDDA3003D3126 = {
			isa = PBXGroup;
			children = (
				FB86F5D5159BDDA3003D3126 /* notsure */,
				FB86F5BA159BDDA3003D3126 /* Frameworks */,
				FB86F5B8159BDDA3003D3126 /* Products */,
			);
			sourceTree = "<group>";
		};
		FB86F5B8159BDDA3003D3126 /* Products */ = {
			isa = PBXGroup;
			children = (
				FB86F5B7159BDDA3003D3126 /* notsure.app */,
			);
			name = Products;
			sourceTree = "<group>";
		};
		FB86F5BA159BDDA3003D3126 /* Frameworks */ = {
			isa = PBXGroup;
			children = (
				FB86F5BB159BDDA3003D3126 /* Foundation.framework */,
				FB86F5BD159BDDA3003D3126 /* UIKit.framework */,
				FB86F5BF159BDDA3003D3126 /* CoreGraphics.framework */,
				FB86F5C1159BDDA3003D3126 /* AddressBook.framework */,
				FB86F5C3159BDDA3003D3126 /* AddressBookUI.framework */,
				FB86F5C5159BDDA3003D3126 /* AudioToolbox.framework */,
				FB86F5C7159BDDA3003D3126 /* AVFoundation.framework */,
				FB86F5C9159BDDA3003D3126 /* CoreLocation.framework */,
				FB86F5CB159BDDA3003D3126 /* MediaPlayer.framework */,
				FB86F5CD159BDDA3003D3126 /* QuartzCore.framework */,
				FB86F5CF159BDDA3003D3126 /* SystemConfiguration.framework */,
				FB86F5D1159BDDA3003D3126 /* MobileCoreServices.framework */,
				FB86F5D3159BDDA3003D3126 /* CoreMedia.framework */,
			);
			name = Frameworks;
			sourceTree = "<group>";
		};
		FB86F5D5159BDDA3003D3126 /* notsure */ = {
			isa = PBXGroup;
			children = (
				FB86F5DE159BDDA3003D3126 /* Cordova.framework */,
				FB86F5E0159BDDA3003D3126 /* Resources */,
				FB86F601159BDDA4003D3126 /* Classes */,
				FB86F60A159BDDA4003D3126 /* Plugins */,
				FB86F5D6159BDDA3003D3126 /* Supporting Files */,
			);
			path = notsure;
			sourceTree = "<group>";
		};
		FB86F5D6159BDDA3003D3126 /* Supporting Files */ = {
			isa = PBXGroup;
			children = (
				FB86F5D7159BDDA3003D3126 /* notsure-Info.plist */,
				FB86F5D8159BDDA3003D3126 /* InfoPlist.strings */,
				FB86F5DB159BDDA3003D3126 /* main.m */,
				FB86F5DD159BDDA3003D3126 /* notsure-Prefix.pch */,
				FB86F5FF159BDDA4003D3126 /* Cordova.plist */,
				FB86F608159BDDA4003D3126 /* MainViewController.xib */,
				FB86F60C159BDDA4003D3126 /* verify.sh */,
			);
			name = "Supporting Files";
			sourceTree = "<group>";
		};
		FB86F5E0159BDDA3003D3126 /* Resources */ = {
			isa = PBXGroup;
			children = (
				FB86F5FD159BDDA4003D3126 /* Capture.bundle */,
				FB86F5E1159BDDA3003D3126 /* en.lproj */,
				FB86F5E5159BDDA3003D3126 /* es.lproj */,
				FB86F5E9159BDDA3003D3126 /* de.lproj */,
				FB86F5ED159BDDA3003D3126 /* se.lproj */,
				FB86F5F1159BDDA3003D3126 /* icons */,
				FB86F5F8159BDDA3003D3126 /* splash */,
			);
			name = Resources;
			sourceTree = "<group>";
		};
		FB86F5E1159BDDA3003D3126 /* en.lproj */ = {
			isa = PBXGroup;
			children = (
				FB86F5E2159BDDA3003D3126 /* Localizable.strings */,
			);
			name = en.lproj;
			sourceTree = "<group>";
		};
		FB86F5E5159BDDA3003D3126 /* es.lproj */ = {
			isa = PBXGroup;
			children = (
				FB86F5E6159BDDA3003D3126 /* Localizable.strings */,
			);
			name = es.lproj;
			sourceTree = "<group>";
		};
		FB86F5E9159BDDA3003D3126 /* de.lproj */ = {
			isa = PBXGroup;
			children = (
				FB86F5EA159BDDA3003D3126 /* Localizable.strings */,
			);
			name = de.lproj;
			sourceTree = "<group>";
		};
		FB86F5ED159BDDA3003D3126 /* se.lproj */ = {
			isa = PBXGroup;
			children = (
				FB86F5EE159BDDA3003D3126 /* Localizable.strings */,
			);
			name = se.lproj;
			sourceTree = "<group>";
		};
		FB86F5F1159BDDA3003D3126 /* icons */ = {
			isa = PBXGroup;
			children = (
				FB86F5F2159BDDA3003D3126 /* icon.png */,
				FB86F5F4159BDDA3003D3126 /* icon@2x.png */,
				FB86F5F6159BDDA3003D3126 /* icon-72.png */,
			);
			name = icons;
			sourceTree = "<group>";
		};
		FB86F5F8159BDDA3003D3126 /* splash */ = {
			isa = PBXGroup;
			children = (
				FB86F5F9159BDDA3003D3126 /* Default~iphone.png */,
				FB86F5FB159BDDA3003D3126 /* Default@2x~iphone.png */,
			);
			name = splash;
			sourceTree = "<group>";
		};
		FB86F601159BDDA4003D3126 /* Classes */ = {
			isa = PBXGroup;
			children = (
				FB86F602159BDDA4003D3126 /* AppDelegate.h */,
				FB86F603159BDDA4003D3126 /* AppDelegate.m */,
				FB86F605159BDDA4003D3126 /* MainViewController.h */,
				FB86F606159BDDA4003D3126 /* MainViewController.m */,
			);
			name = Classes;
			sourceTree = "<group>";
		};
		FB86F60A159BDDA4003D3126 /* Plugins */ = {
			isa = PBXGroup;
			children = (
				FB86F60B159BDDA4003D3126 /* README */,
			);
			name = Plugins;
			sourceTree = "<group>";
		};
/* End PBXGroup section */

/* Begin PBXNativeTarget section */
		FB86F5B6159BDDA3003D3126 /* notsure */ = {
			isa = PBXNativeTarget;
			buildConfigurationList = FB86F60F159BDDA4003D3126 /* Build configuration list for PBXNativeTarget "notsure" */;
			buildPhases = (
				FB86F5B0159BDDA3003D3126 /* Sources */,
				FB86F5B1159BDDA3003D3126 /* Frameworks */,
				FB86F5B2159BDDA3003D3126 /* Resources */,
				FB86F5B3159BDDA3003D3126 /* Sources */,
				FB86F5B4159BDDA3003D3126 /* Frameworks */,
				FB86F5B5159BDDA3003D3126 /* ShellScript */,
			);
			buildRules = (
			);
			dependencies = (
			);
			name = notsure;
			productName = notsure;
			productReference = FB86F5B7159BDDA3003D3126 /* notsure.app */;
			productType = "com.apple.product-type.application";
		};
/* End PBXNativeTarget section */

/* Begin PBXProject section */
		FB86F5AB159BDDA3003D3126 /* Project object */ = {
			isa = PBXProject;
			attributes = {
				LastUpgradeCheck = 0430;
			};
			buildConfigurationList = FB86F5AE159BDDA3003D3126 /* Build configuration list for PBXProject "notsure" */;
			compatibilityVersion = "Xcode 3.2";
			developmentRegion = English;
			hasScannedForEncodings = 0;
			knownRegions = (
				en,
				es,
				de,
				se,
			);
			mainGroup = FB86F5A9159BDDA3003D3126;
			productRefGroup = FB86F5B8159BDDA3003D3126 /* Products */;
			projectDirPath = "";
			projectRoot = "";
			targets = (
				FB86F5B6159BDDA3003D3126 /* notsure */,
			);
		};
/* End PBXProject section */

/* Begin PBXResourcesBuildPhase section */
		FB86F5B2159BDDA3003D3126 /* Resources */ = {
			isa = PBXResourcesBuildPhase;
			buildActionMask = 2147483647;
			files = (
				FB86F5DA159BDDA3003D3126 /* InfoPlist.strings in Resources */,
				FB86F5E4159BDDA3003D3126 /* Localizable.strings in Resources */,
				FB86F5E8159BDDA3003D3126 /* Localizable.strings in Resources */,
				FB86F5EC159BDDA3003D3126 /* Localizable.strings in Resources */,
				FB86F5F0159BDDA3003D3126 /* Localizable.strings in Resources */,
				FB86F5F3159BDDA3003D3126 /* icon.png in Resources */,
				FB86F5F5159BDDA3003D3126 /* icon@2x.png in Resources */,
				FB86F5F7159BDDA3003D3126 /* icon-72.png in Resources */,
				FB86F5FA159BDDA3003D3126 /* Default~iphone.png in Resources */,
				FB86F5FC159BDDA3003D3126 /* Default@2x~iphone.png in Resources */,
				FB86F5FE159BDDA4003D3126 /* Capture.bundle in Resources */,
				FB86F600159BDDA4003D3126 /* Cordova.plist in Resources */,
				FB86F609159BDDA4003D3126 /* MainViewController.xib in Resources */,
			);
			runOnlyForDeploymentPostprocessing = 0;
		};
/* End PBXResourcesBuildPhase section */

/* Begin PBXShellScriptBuildPhase section */
		FB86F5B5159BDDA3003D3126 /* ShellScript */ = {
			isa = PBXShellScriptBuildPhase;
			buildActionMask = 2147483647;
			files = (
			);
			inputPaths = (
			);
			outputPaths = (
			);
			runOnlyForDeploymentPostprocessing = 0;
			shellPath = /bin/bash;
			shellScript = "\n\t\t\t\t\t\t\t\tchmod 755 \"$PROJECT_DIR/$PROJECT_NAME/verify.sh\"\n\t\t\t\t\t\t\t\t\"$PROJECT_DIR/$PROJECT_NAME/verify.sh\"\n\t\t\t\t\t";
		};
/* End PBXShellScriptBuildPhase section */

/* Begin PBXSourcesBuildPhase section */
		FB86F5B0159BDDA3003D3126 /* Sources */ = {
			isa = PBXSourcesBuildPhase;
			buildActionMask = 2147483647;
			files = (
				FB86F5DC159BDDA3003D3126 /* main.m in Sources */,
				FB86F604159BDDA4003D3126 /* AppDelegate.m in Sources */,
				FB86F607159BDDA4003D3126 /* MainViewController.m in Sources */,
			);
			runOnlyForDeploymentPostprocessing = 0;
		};
		FB86F5B3159BDDA3003D3126 /* Sources */ = {
			isa = PBXSourcesBuildPhase;
			buildActionMask = 2147483647;
			files = (
			);
			runOnlyForDeploymentPostprocessing = 0;
		};
/* End PBXSourcesBuildPhase section */

/* Begin PBXVariantGroup section */
		FB86F5D8159BDDA3003D3126 /* InfoPlist.strings */ = {
			isa = PBXVariantGroup;
			children = (
				FB86F5D9159BDDA3003D3126 /* en */,
			);
			name = InfoPlist.strings;
			sourceTree = "<group>";
		};
		FB86F5E2159BDDA3003D3126 /* Localizable.strings */ = {
			isa = PBXVariantGroup;
			children = (
				FB86F5E3159BDDA3003D3126 /* en */,
			);
			name = Localizable.strings;
			sourceTree = "<group>";
		};
		FB86F5E6159BDDA3003D3126 /* Localizable.strings */ = {
			isa = PBXVariantGroup;
			children = (
				FB86F5E7159BDDA3003D3126 /* es */,
			);
			name = Localizable.strings;
			sourceTree = "<group>";
		};
		FB86F5EA159BDDA3003D3126 /* Localizable.strings */ = {
			isa = PBXVariantGroup;
			children = (
				FB86F5EB159BDDA3003D3126 /* de */,
			);
			name = Localizable.strings;
			sourceTree = "<group>";
		};
		FB86F5EE159BDDA3003D3126 /* Localizable.strings */ = {
			isa = PBXVariantGroup;
			children = (
				FB86F5EF159BDDA3003D3126 /* se */,
			);
			name = Localizable.strings;
			sourceTree = "<group>";
		};
/* End PBXVariantGroup section */

/* Begin XCBuildConfiguration section */
		FB86F60D159BDDA4003D3126 /* Debug */ = {
			isa = XCBuildConfiguration;
			buildSettings = {
				ALWAYS_SEARCH_USER_PATHS = NO;
				ARCHS = (
					armv6,
					"$(ARCHS_STANDARD_32_BIT)",
				);
				"CODE_SIGN_IDENTITY[sdk=iphoneos*]" = "iPhone Developer";
				COPY_PHASE_STRIP = NO;
				GCC_C_LANGUAGE_STANDARD = gnu99;
				GCC_DYNAMIC_NO_PIC = NO;
				GCC_OPTIMIZATION_LEVEL = 0;
				GCC_PREPROCESSOR_DEFINITIONS = (
					"DEBUG=1",
					"$(inherited)",
				);
				GCC_SYMBOLS_PRIVATE_EXTERN = NO;
				GCC_VERSION = com.apple.compilers.llvm.clang.1_0;
				GCC_WARN_ABOUT_RETURN_TYPE = YES;
				GCC_WARN_UNINITIALIZED_AUTOS = YES;
				GCC_WARN_UNUSED_VARIABLE = YES;
				IPHONEOS_DEPLOYMENT_TARGET = 3.0;
				SDKROOT = iphoneos;
			};
			name = Debug;
		};
		FB86F60E159BDDA4003D3126 /* Release */ = {
			isa = XCBuildConfiguration;
			buildSettings = {
				ALWAYS_SEARCH_USER_PATHS = NO;
				ARCHS = (
					armv6,
					"$(ARCHS_STANDARD_32_BIT)",
				);
				"CODE_SIGN_IDENTITY[sdk=iphoneos*]" = "iPhone Developer";
				COPY_PHASE_STRIP = YES;
				GCC_C_LANGUAGE_STANDARD = gnu99;
				GCC_VERSION = com.apple.compilers.llvm.clang.1_0;
				GCC_WARN_ABOUT_RETURN_TYPE = YES;
				GCC_WARN_UNINITIALIZED_AUTOS = YES;
				GCC_WARN_UNUSED_VARIABLE = YES;
				IPHONEOS_DEPLOYMENT_TARGET = 3.0;
				SDKROOT = iphoneos;
				VALIDATE_PRODUCT = YES;
			};
			name = Release;
		};
		FB86F610159BDDA4003D3126 /* Debug */ = {
			isa = XCBuildConfiguration;
			buildSettings = {
				ALWAYS_SEARCH_USER_PATHS = YES;
				COPY_PHASE_STRIP = NO;
				FRAMEWORK_SEARCH_PATHS = /Users/Shared/Cordova/Frameworks;
				GCC_DYNAMIC_NO_PIC = NO;
				GCC_PRECOMPILE_PREFIX_HEADER = YES;
				GCC_PREFIX_HEADER = "notsure/notsure-Prefix.pch";
				GCC_PREPROCESSOR_DEFINITIONS = (
					"DEBUG=1,",
					"CORDOVA_FRAMEWORK=1",
				);
				INFOPLIST_FILE = "notsure/notsure-Info.plist";
				OTHER_LDFLAGS = (
					"-weak_framework",
					UIKit,
					"-weak_framework",
					AVFoundation,
					"-weak_framework",
					CoreMedia,
					"-weak-lSystem",
				);
				PRODUCT_NAME = "$(TARGET_NAME)";
				TARGETED_DEVICE_FAMILY = "1,2";
				WRAPPER_EXTENSION = app;
			};
			name = Debug;
		};
		FB86F611159BDDA4003D3126 /* Release */ = {
			isa = XCBuildConfiguration;
			buildSettings = {
				ALWAYS_SEARCH_USER_PATHS = YES;
				COPY_PHASE_STRIP = YES;
				DEBUG_INFORMATION_FORMAT = "dwarf-with-dsym";
				FRAMEWORK_SEARCH_PATHS = /Users/Shared/Cordova/Frameworks;
				GCC_PRECOMPILE_PREFIX_HEADER = YES;
				GCC_PREFIX_HEADER = "notsure/notsure-Prefix.pch";
				GCC_PREPROCESSOR_DEFINITIONS = (
					"NDEBUG=1,",
					"CORDOVA_FRAMEWORK=1",
				);
				INFOPLIST_FILE = "notsure/notsure-Info.plist";
				OTHER_LDFLAGS = (
					"-weak_framework",
					UIKit,
					"-weak_framework",
					AVFoundation,
					"-weak_framework",
					CoreMedia,
					"-weak-lSystem",
				);
				PRODUCT_NAME = "$(TARGET_NAME)";
				TARGETED_DEVICE_FAMILY = "1,2";
				VALIDATE_PRODUCT = YES;
				WRAPPER_EXTENSION = app;
			};
			name = Release;
		};
/* End XCBuildConfiguration section */

/* Begin XCConfigurationList section */
		FB86F5AE159BDDA3003D3126 /* Build configuration list for PBXProject "notsure" */ = {
			isa = XCConfigurationList;
			buildConfigurations = (
				FB86F60D159BDDA4003D3126 /* Debug */,
				FB86F60E159BDDA4003D3126 /* Release */,
			);
			defaultConfigurationIsVisible = 0;
			defaultConfigurationName = Release;
		};
		FB86F60F159BDDA4003D3126 /* Build configuration list for PBXNativeTarget "notsure" */ = {
			isa = XCConfigurationList;
			buildConfigurations = (
				FB86F610159BDDA4003D3126 /* Debug */,
				FB86F611159BDDA4003D3126 /* Release */,
			);
			defaultConfigurationIsVisible = 0;
		};
/* End XCConfigurationList section */
	};
	rootObject = FB86F5AB159BDDA3003D3126 /* Project object */;
}
