// !$*UTF8*$!
{
	archiveVersion = 1;
	classes = {
	};
	objectVersion = 46;
	objects = {

/* Begin PBXBuildFile section */
		FB085A4115CB6D0000158F4D /* UIKit.framework in Frameworks */ = {isa = PBXBuildFile; fileRef = FB085A4015CB6D0000158F4D /* UIKit.framework */; };
		FB085A4315CB6D0000158F4D /* Foundation.framework in Frameworks */ = {isa = PBXBuildFile; fileRef = FB085A4215CB6D0000158F4D /* Foundation.framework */; };
		FB085A4515CB6D0000158F4D /* CoreGraphics.framework in Frameworks */ = {isa = PBXBuildFile; fileRef = FB085A4415CB6D0000158F4D /* CoreGraphics.framework */; };
		FB085A4B15CB6D0000158F4D /* InfoPlist.strings in Resources */ = {isa = PBXBuildFile; fileRef = FB085A4915CB6D0000158F4D /* InfoPlist.strings */; };
		FB085A4D15CB6D0100158F4D /* main.m in Sources */ = {isa = PBXBuildFile; fileRef = FB085A4C15CB6D0100158F4D /* main.m */; };
		FB085A5115CB6D0100158F4D /* AppDelegate.m in Sources */ = {isa = PBXBuildFile; fileRef = FB085A5015CB6D0100158F4D /* AppDelegate.m */; };
/* End PBXBuildFile section */

/* Begin PBXFileReference section */
		FB085A3C15CB6D0000158F4D /* testApp.app */ = {isa = PBXFileReference; explicitFileType = wrapper.application; includeInIndex = 0; path = testApp.app; sourceTree = BUILT_PRODUCTS_DIR; };
		FB085A4015CB6D0000158F4D /* UIKit.framework */ = {isa = PBXFileReference; lastKnownFileType = wrapper.framework; name = UIKit.framework; path = System/Library/Frameworks/UIKit.framework; sourceTree = SDKROOT; };
		FB085A4215CB6D0000158F4D /* Foundation.framework */ = {isa = PBXFileReference; lastKnownFileType = wrapper.framework; name = Foundation.framework; path = System/Library/Frameworks/Foundation.framework; sourceTree = SDKROOT; };
		FB085A4415CB6D0000158F4D /* CoreGraphics.framework */ = {isa = PBXFileReference; lastKnownFileType = wrapper.framework; name = CoreGraphics.framework; path = System/Library/Frameworks/CoreGraphics.framework; sourceTree = SDKROOT; };
		FB085A4815CB6D0000158F4D /* testApp-Info.plist */ = {isa = PBXFileReference; lastKnownFileType = text.plist.xml; path = "testApp-Info.plist"; sourceTree = "<group>"; };
		FB085A4A15CB6D0000158F4D /* en */ = {isa = PBXFileReference; lastKnownFileType = text.plist.strings; name = en; path = en.lproj/InfoPlist.strings; sourceTree = "<group>"; };
		FB085A4C15CB6D0100158F4D /* main.m */ = {isa = PBXFileReference; lastKnownFileType = sourcecode.c.objc; path = main.m; sourceTree = "<group>"; };
		FB085A4E15CB6D0100158F4D /* testApp-Prefix.pch */ = {isa = PBXFileReference; lastKnownFileType = sourcecode.c.h; path = "testApp-Prefix.pch"; sourceTree = "<group>"; };
		FB085A4F15CB6D0100158F4D /* AppDelegate.h */ = {isa = PBXFileReference; lastKnownFileType = sourcecode.c.h; path = AppDelegate.h; sourceTree = "<group>"; };
		FB085A5015CB6D0100158F4D /* AppDelegate.m */ = {isa = PBXFileReference; lastKnownFileType = sourcecode.c.objc; path = AppDelegate.m; sourceTree = "<group>"; };
/* End PBXFileReference section */

/* Begin PBXFrameworksBuildPhase section */
		FB085A3915CB6D0000158F4D /* Frameworks */ = {
			isa = PBXFrameworksBuildPhase;
			buildActionMask = 2147483647;
			files = (
				FB085A4115CB6D0000158F4D /* UIKit.framework in Frameworks */,
				FB085A4315CB6D0000158F4D /* Foundation.framework in Frameworks */,
				FB085A4515CB6D0000158F4D /* CoreGraphics.framework in Frameworks */,
			);
			runOnlyForDeploymentPostprocessing = 0;
		};
/* End PBXFrameworksBuildPhase section */

/* Begin PBXGroup section */
		FB085A3115CB6D0000158F4D = {
			isa = PBXGroup;
			children = (
				FB085A4615CB6D0000158F4D /* testApp */,
				FB085A3F15CB6D0000158F4D /* Frameworks */,
				FB085A3D15CB6D0000158F4D /* Products */,
			);
			sourceTree = "<group>";
		};
		FB085A3D15CB6D0000158F4D /* Products */ = {
			isa = PBXGroup;
			children = (
				FB085A3C15CB6D0000158F4D /* testApp.app */,
			);
			name = Products;
			sourceTree = "<group>";
		};
		FB085A3F15CB6D0000158F4D /* Frameworks */ = {
			isa = PBXGroup;
			children = (
				FB085A4015CB6D0000158F4D /* UIKit.framework */,
				FB085A4215CB6D0000158F4D /* Foundation.framework */,
				FB085A4415CB6D0000158F4D /* CoreGraphics.framework */,
			);
			name = Frameworks;
			sourceTree = "<group>";
		};
		FB085A4615CB6D0000158F4D /* testApp */ = {
			isa = PBXGroup;
			children = (
				FB085A4F15CB6D0100158F4D /* AppDelegate.h */,
				FB085A5015CB6D0100158F4D /* AppDelegate.m */,
				FB085A4715CB6D0000158F4D /* Supporting Files */,
			);
			path = testApp;
			sourceTree = "<group>";
		};
		FB085A4715CB6D0000158F4D /* Supporting Files */ = {
			isa = PBXGroup;
			children = (
				FB085A4815CB6D0000158F4D /* testApp-Info.plist */,
				FB085A4915CB6D0000158F4D /* InfoPlist.strings */,
				FB085A4C15CB6D0100158F4D /* main.m */,
				FB085A4E15CB6D0100158F4D /* testApp-Prefix.pch */,
			);
			name = "Supporting Files";
			sourceTree = "<group>";
		};
/* End PBXGroup section */

/* Begin PBXNativeTarget section */
		FB085A3B15CB6D0000158F4D /* testApp */ = {
			isa = PBXNativeTarget;
			buildConfigurationList = FB085A5415CB6D0100158F4D /* Build configuration list for PBXNativeTarget "testApp" */;
			buildPhases = (
				FB085A3815CB6D0000158F4D /* Sources */,
				FB085A3915CB6D0000158F4D /* Frameworks */,
				FB085A3A15CB6D0000158F4D /* Resources */,
			);
			buildRules = (
			);
			dependencies = (
			);
			name = testApp;
			productName = testApp;
			productReference = FB085A3C15CB6D0000158F4D /* testApp.app */;
			productType = "com.apple.product-type.application";
		};
/* End PBXNativeTarget section */

/* Begin PBXProject section */
		FB085A3315CB6D0000158F4D /* Project object */ = {
			isa = PBXProject;
			attributes = {
				LastUpgradeCheck = 0430;
			};
			buildConfigurationList = FB085A3615CB6D0000158F4D /* Build configuration list for PBXProject "testApp" */;
			compatibilityVersion = "Xcode 3.2";
			developmentRegion = English;
			hasScannedForEncodings = 0;
			knownRegions = (
				en,
			);
			mainGroup = FB085A3115CB6D0000158F4D;
			productRefGroup = FB085A3D15CB6D0000158F4D /* Products */;
			projectDirPath = "";
			projectRoot = "";
			targets = (
				FB085A3B15CB6D0000158F4D /* testApp */,
			);
		};
/* End PBXProject section */

/* Begin PBXResourcesBuildPhase section */
		FB085A3A15CB6D0000158F4D /* Resources */ = {
			isa = PBXResourcesBuildPhase;
			buildActionMask = 2147483647;
			files = (
				FB085A4B15CB6D0000158F4D /* InfoPlist.strings in Resources */,
			);
			runOnlyForDeploymentPostprocessing = 0;
		};
/* End PBXResourcesBuildPhase section */

/* Begin PBXSourcesBuildPhase section */
		FB085A3815CB6D0000158F4D /* Sources */ = {
			isa = PBXSourcesBuildPhase;
			buildActionMask = 2147483647;
			files = (
				FB085A4D15CB6D0100158F4D /* main.m in Sources */,
				FB085A5115CB6D0100158F4D /* AppDelegate.m in Sources */,
			);
			runOnlyForDeploymentPostprocessing = 0;
		};
/* End PBXSourcesBuildPhase section */

/* Begin PBXVariantGroup section */
		FB085A4915CB6D0000158F4D /* InfoPlist.strings */ = {
			isa = PBXVariantGroup;
			children = (
				FB085A4A15CB6D0000158F4D /* en */,
			);
			name = InfoPlist.strings;
			sourceTree = "<group>";
		};
/* End PBXVariantGroup section */

/* Begin XCBuildConfiguration section */
		FB085A5215CB6D0100158F4D /* Debug */ = {
			isa = XCBuildConfiguration;
			buildSettings = {
				ALWAYS_SEARCH_USER_PATHS = NO;
				ARCHS = "$(ARCHS_STANDARD_32_BIT)";
				"CODE_SIGN_IDENTITY[sdk=iphoneos*]" = "iPhone Developer";
				COPY_PHASE_STRIP = NO;
				GCC_C_LANGUAGE_STANDARD = gnu99;
				GCC_DYNAMIC_NO_PIC = NO;
				GCC_OPTIMIZATION_LEVEL = 0;
				GCC_PREPROCESSOR_DEFINITIONS = (
					"DEBUG=1",
					"$(inherited)",
				);
				GCC_SYMBOLS_PRIVATE_EXTERN = NO;
				GCC_VERSION = com.apple.compilers.llvm.clang.1_0;
				GCC_WARN_ABOUT_RETURN_TYPE = YES;
				GCC_WARN_UNINITIALIZED_AUTOS = YES;
				GCC_WARN_UNUSED_VARIABLE = YES;
				IPHONEOS_DEPLOYMENT_TARGET = 5.1;
				SDKROOT = iphoneos;
				TARGETED_DEVICE_FAMILY = "1,2";
			};
			name = Debug;
		};
		FB085A5315CB6D0100158F4D /* Release */ = {
			isa = XCBuildConfiguration;
			buildSettings = {
				ALWAYS_SEARCH_USER_PATHS = NO;
				ARCHS = "$(ARCHS_STANDARD_32_BIT)";
				"CODE_SIGN_IDENTITY[sdk=iphoneos*]" = "iPhone Developer";
				COPY_PHASE_STRIP = YES;
				GCC_C_LANGUAGE_STANDARD = gnu99;
				GCC_VERSION = com.apple.compilers.llvm.clang.1_0;
				GCC_WARN_ABOUT_RETURN_TYPE = YES;
				GCC_WARN_UNINITIALIZED_AUTOS = YES;
				GCC_WARN_UNUSED_VARIABLE = YES;
				IPHONEOS_DEPLOYMENT_TARGET = 5.1;
				OTHER_CFLAGS = "-DNS_BLOCK_ASSERTIONS=1";
				SDKROOT = iphoneos;
				TARGETED_DEVICE_FAMILY = "1,2";
				VALIDATE_PRODUCT = YES;
			};
			name = Release;
		};
		FB085A5515CB6D0100158F4D /* Debug */ = {
			isa = XCBuildConfiguration;
			buildSettings = {
				GCC_PRECOMPILE_PREFIX_HEADER = YES;
				GCC_PREFIX_HEADER = "testApp/testApp-Prefix.pch";
				INFOPLIST_FILE = "testApp/testApp-Info.plist";
				IPHONEOS_DEPLOYMENT_TARGET = 5.1;
				PRODUCT_NAME = "$(TARGET_NAME)";
				WRAPPER_EXTENSION = app;
			};
			name = Debug;
		};
		FB085A5615CB6D0100158F4D /* Release */ = {
			isa = XCBuildConfiguration;
			buildSettings = {
				GCC_PRECOMPILE_PREFIX_HEADER = YES;
				GCC_PREFIX_HEADER = "testApp/testApp-Prefix.pch";
				INFOPLIST_FILE = "testApp/testApp-Info.plist";
				IPHONEOS_DEPLOYMENT_TARGET = 5.1;
				PRODUCT_NAME = "$(TARGET_NAME)";
				WRAPPER_EXTENSION = app;
			};
			name = Release;
		};
/* End XCBuildConfiguration section */

/* Begin XCConfigurationList section */
		FB085A3615CB6D0000158F4D /* Build configuration list for PBXProject "testApp" */ = {
			isa = XCConfigurationList;
			buildConfigurations = (
				FB085A5215CB6D0100158F4D /* Debug */,
				FB085A5315CB6D0100158F4D /* Release */,
			);
			defaultConfigurationIsVisible = 0;
			defaultConfigurationName = Release;
		};
		FB085A5415CB6D0100158F4D /* Build configuration list for PBXNativeTarget "testApp" */ = {
			isa = XCConfigurationList;
			buildConfigurations = (
				FB085A5515CB6D0100158F4D /* Debug */,
				FB085A5615CB6D0100158F4D /* Release */,
			);
			defaultConfigurationIsVisible = 0;
		};
/* End XCConfigurationList section */
	};
	rootObject = FB085A3315CB6D0000158F4D /* Project object */;
}
