// !$*UTF8*$!
{
	archiveVersion = 1;
	classes = {
	};
	objectVersion = 46;
	objects = {

/* Begin PBXBuildFile section */
		FB499A8D15E69CBB0034C0D0 /* UIKit.framework in Frameworks */ = {isa = PBXBuildFile; fileRef = FB499A8C15E69CBB0034C0D0 /* UIKit.framework */; };
		FB499A8F15E69CBB0034C0D0 /* Foundation.framework in Frameworks */ = {isa = PBXBuildFile; fileRef = FB499A8E15E69CBB0034C0D0 /* Foundation.framework */; };
		FB499A9115E69CBB0034C0D0 /* CoreGraphics.framework in Frameworks */ = {isa = PBXBuildFile; fileRef = FB499A9015E69CBB0034C0D0 /* CoreGraphics.framework */; };
		FB499A9715E69CBB0034C0D0 /* InfoPlist.strings in Resources */ = {isa = PBXBuildFile; fileRef = FB499A9515E69CBB0034C0D0 /* InfoPlist.strings */; };
		FB499A9915E69CBB0034C0D0 /* main.m in Sources */ = {isa = PBXBuildFile; fileRef = FB499A9815E69CBB0034C0D0 /* main.m */; };
		FB499A9D15E69CBB0034C0D0 /* AppDelegate.m in Sources */ = {isa = PBXBuildFile; fileRef = FB499A9C15E69CBB0034C0D0 /* AppDelegate.m */; };
		FB499AA015E69CBB0034C0D0 /* ViewController.m in Sources */ = {isa = PBXBuildFile; fileRef = FB499A9F15E69CBB0034C0D0 /* ViewController.m */; };
		FB499AA315E69CBB0034C0D0 /* ViewController.xib in Resources */ = {isa = PBXBuildFile; fileRef = FB499AA115E69CBB0034C0D0 /* ViewController.xib */; };
/* End PBXBuildFile section */

/* Begin PBXFileReference section */
		FB499A8815E69CBB0034C0D0 /* AOC1wk4.app */ = {isa = PBXFileReference; explicitFileType = wrapper.application; includeInIndex = 0; path = AOC1wk4.app; sourceTree = BUILT_PRODUCTS_DIR; };
		FB499A8C15E69CBB0034C0D0 /* UIKit.framework */ = {isa = PBXFileReference; lastKnownFileType = wrapper.framework; name = UIKit.framework; path = System/Library/Frameworks/UIKit.framework; sourceTree = SDKROOT; };
		FB499A8E15E69CBB0034C0D0 /* Foundation.framework */ = {isa = PBXFileReference; lastKnownFileType = wrapper.framework; name = Foundation.framework; path = System/Library/Frameworks/Foundation.framework; sourceTree = SDKROOT; };
		FB499A9015E69CBB0034C0D0 /* CoreGraphics.framework */ = {isa = PBXFileReference; lastKnownFileType = wrapper.framework; name = CoreGraphics.framework; path = System/Library/Frameworks/CoreGraphics.framework; sourceTree = SDKROOT; };
		FB499A9415E69CBB0034C0D0 /* AOC1wk4-Info.plist */ = {isa = PBXFileReference; lastKnownFileType = text.plist.xml; path = "AOC1wk4-Info.plist"; sourceTree = "<group>"; };
		FB499A9615E69CBB0034C0D0 /* en */ = {isa = PBXFileReference; lastKnownFileType = text.plist.strings; name = en; path = en.lproj/InfoPlist.strings; sourceTree = "<group>"; };
		FB499A9815E69CBB0034C0D0 /* main.m */ = {isa = PBXFileReference; lastKnownFileType = sourcecode.c.objc; path = main.m; sourceTree = "<group>"; };
		FB499A9A15E69CBB0034C0D0 /* AOC1wk4-Prefix.pch */ = {isa = PBXFileReference; lastKnownFileType = sourcecode.c.h; path = "AOC1wk4-Prefix.pch"; sourceTree = "<group>"; };
		FB499A9B15E69CBB0034C0D0 /* AppDelegate.h */ = {isa = PBXFileReference; lastKnownFileType = sourcecode.c.h; path = AppDelegate.h; sourceTree = "<group>"; };
		FB499A9C15E69CBB0034C0D0 /* AppDelegate.m */ = {isa = PBXFileReference; lastKnownFileType = sourcecode.c.objc; path = AppDelegate.m; sourceTree = "<group>"; };
		FB499A9E15E69CBB0034C0D0 /* ViewController.h */ = {isa = PBXFileReference; lastKnownFileType = sourcecode.c.h; path = ViewController.h; sourceTree = "<group>"; };
		FB499A9F15E69CBB0034C0D0 /* ViewController.m */ = {isa = PBXFileReference; lastKnownFileType = sourcecode.c.objc; path = ViewController.m; sourceTree = "<group>"; };
		FB499AA215E69CBB0034C0D0 /* en */ = {isa = PBXFileReference; lastKnownFileType = file.xib; name = en; path = en.lproj/ViewController.xib; sourceTree = "<group>"; };
/* End PBXFileReference section */

/* Begin PBXFrameworksBuildPhase section */
		FB499A8515E69CBB0034C0D0 /* Frameworks */ = {
			isa = PBXFrameworksBuildPhase;
			buildActionMask = 2147483647;
			files = (
				FB499A8D15E69CBB0034C0D0 /* UIKit.framework in Frameworks */,
				FB499A8F15E69CBB0034C0D0 /* Foundation.framework in Frameworks */,
				FB499A9115E69CBB0034C0D0 /* CoreGraphics.framework in Frameworks */,
			);
			runOnlyForDeploymentPostprocessing = 0;
		};
/* End PBXFrameworksBuildPhase section */

/* Begin PBXGroup section */
		FB499A7D15E69CBB0034C0D0 = {
			isa = PBXGroup;
			children = (
				FB499A9215E69CBB0034C0D0 /* AOC1wk4 */,
				FB499A8B15E69CBB0034C0D0 /* Frameworks */,
				FB499A8915E69CBB0034C0D0 /* Products */,
			);
			sourceTree = "<group>";
		};
		FB499A8915E69CBB0034C0D0 /* Products */ = {
			isa = PBXGroup;
			children = (
				FB499A8815E69CBB0034C0D0 /* AOC1wk4.app */,
			);
			name = Products;
			sourceTree = "<group>";
		};
		FB499A8B15E69CBB0034C0D0 /* Frameworks */ = {
			isa = PBXGroup;
			children = (
				FB499A8C15E69CBB0034C0D0 /* UIKit.framework */,
				FB499A8E15E69CBB0034C0D0 /* Foundation.framework */,
				FB499A9015E69CBB0034C0D0 /* CoreGraphics.framework */,
			);
			name = Frameworks;
			sourceTree = "<group>";
		};
		FB499A9215E69CBB0034C0D0 /* AOC1wk4 */ = {
			isa = PBXGroup;
			children = (
				FB499A9B15E69CBB0034C0D0 /* AppDelegate.h */,
				FB499A9C15E69CBB0034C0D0 /* AppDelegate.m */,
				FB499A9E15E69CBB0034C0D0 /* ViewController.h */,
				FB499A9F15E69CBB0034C0D0 /* ViewController.m */,
				FB499AA115E69CBB0034C0D0 /* ViewController.xib */,
				FB499A9315E69CBB0034C0D0 /* Supporting Files */,
			);
			path = AOC1wk4;
			sourceTree = "<group>";
		};
		FB499A9315E69CBB0034C0D0 /* Supporting Files */ = {
			isa = PBXGroup;
			children = (
				FB499A9415E69CBB0034C0D0 /* AOC1wk4-Info.plist */,
				FB499A9515E69CBB0034C0D0 /* InfoPlist.strings */,
				FB499A9815E69CBB0034C0D0 /* main.m */,
				FB499A9A15E69CBB0034C0D0 /* AOC1wk4-Prefix.pch */,
			);
			name = "Supporting Files";
			sourceTree = "<group>";
		};
/* End PBXGroup section */

/* Begin PBXNativeTarget section */
		FB499A8715E69CBB0034C0D0 /* AOC1wk4 */ = {
			isa = PBXNativeTarget;
			buildConfigurationList = FB499AA615E69CBB0034C0D0 /* Build configuration list for PBXNativeTarget "AOC1wk4" */;
			buildPhases = (
				FB499A8415E69CBB0034C0D0 /* Sources */,
				FB499A8515E69CBB0034C0D0 /* Frameworks */,
				FB499A8615E69CBB0034C0D0 /* Resources */,
			);
			buildRules = (
			);
			dependencies = (
			);
			name = AOC1wk4;
			productName = AOC1wk4;
			productReference = FB499A8815E69CBB0034C0D0 /* AOC1wk4.app */;
			productType = "com.apple.product-type.application";
		};
/* End PBXNativeTarget section */

/* Begin PBXProject section */
		FB499A7F15E69CBB0034C0D0 /* Project object */ = {
			isa = PBXProject;
			attributes = {
				LastUpgradeCheck = 0440;
				ORGANIZATIONNAME = "Brandon Sease";
			};
			buildConfigurationList = FB499A8215E69CBB0034C0D0 /* Build configuration list for PBXProject "AOC1wk4" */;
			compatibilityVersion = "Xcode 3.2";
			developmentRegion = English;
			hasScannedForEncodings = 0;
			knownRegions = (
				en,
			);
			mainGroup = FB499A7D15E69CBB0034C0D0;
			productRefGroup = FB499A8915E69CBB0034C0D0 /* Products */;
			projectDirPath = "";
			projectRoot = "";
			targets = (
				FB499A8715E69CBB0034C0D0 /* AOC1wk4 */,
			);
		};
/* End PBXProject section */

/* Begin PBXResourcesBuildPhase section */
		FB499A8615E69CBB0034C0D0 /* Resources */ = {
			isa = PBXResourcesBuildPhase;
			buildActionMask = 2147483647;
			files = (
				FB499A9715E69CBB0034C0D0 /* InfoPlist.strings in Resources */,
				FB499AA315E69CBB0034C0D0 /* ViewController.xib in Resources */,
			);
			runOnlyForDeploymentPostprocessing = 0;
		};
/* End PBXResourcesBuildPhase section */

/* Begin PBXSourcesBuildPhase section */
		FB499A8415E69CBB0034C0D0 /* Sources */ = {
			isa = PBXSourcesBuildPhase;
			buildActionMask = 2147483647;
			files = (
				FB499A9915E69CBB0034C0D0 /* main.m in Sources */,
				FB499A9D15E69CBB0034C0D0 /* AppDelegate.m in Sources */,
				FB499AA015E69CBB0034C0D0 /* ViewController.m in Sources */,
			);
			runOnlyForDeploymentPostprocessing = 0;
		};
/* End PBXSourcesBuildPhase section */

/* Begin PBXVariantGroup section */
		FB499A9515E69CBB0034C0D0 /* InfoPlist.strings */ = {
			isa = PBXVariantGroup;
			children = (
				FB499A9615E69CBB0034C0D0 /* en */,
			);
			name = InfoPlist.strings;
			sourceTree = "<group>";
		};
		FB499AA115E69CBB0034C0D0 /* ViewController.xib */ = {
			isa = PBXVariantGroup;
			children = (
				FB499AA215E69CBB0034C0D0 /* en */,
			);
			name = ViewController.xib;
			sourceTree = "<group>";
		};
/* End PBXVariantGroup section */

/* Begin XCBuildConfiguration section */
		FB499AA415E69CBB0034C0D0 /* Debug */ = {
			isa = XCBuildConfiguration;
			buildSettings = {
				ALWAYS_SEARCH_USER_PATHS = NO;
				ARCHS = "$(ARCHS_STANDARD_32_BIT)";
				CLANG_CXX_LANGUAGE_STANDARD = "gnu++0x";
				CLANG_WARN__DUPLICATE_METHOD_MATCH = YES;
				"CODE_SIGN_IDENTITY[sdk=iphoneos*]" = "iPhone Developer";
				COPY_PHASE_STRIP = NO;
				GCC_C_LANGUAGE_STANDARD = gnu99;
				GCC_DYNAMIC_NO_PIC = NO;
				GCC_OPTIMIZATION_LEVEL = 0;
				GCC_PREPROCESSOR_DEFINITIONS = (
					"DEBUG=1",
					"$(inherited)",
				);
				GCC_SYMBOLS_PRIVATE_EXTERN = NO;
				GCC_VERSION = com.apple.compilers.llvm.clang.1_0;
				GCC_WARN_ABOUT_RETURN_TYPE = YES;
				GCC_WARN_UNINITIALIZED_AUTOS = YES;
				GCC_WARN_UNUSED_VARIABLE = YES;
				IPHONEOS_DEPLOYMENT_TARGET = 5.1;
				SDKROOT = iphoneos;
			};
			name = Debug;
		};
		FB499AA515E69CBB0034C0D0 /* Release */ = {
			isa = XCBuildConfiguration;
			buildSettings = {
				ALWAYS_SEARCH_USER_PATHS = NO;
				ARCHS = "$(ARCHS_STANDARD_32_BIT)";
				CLANG_CXX_LANGUAGE_STANDARD = "gnu++0x";
				CLANG_WARN__DUPLICATE_METHOD_MATCH = YES;
				"CODE_SIGN_IDENTITY[sdk=iphoneos*]" = "iPhone Developer";
				COPY_PHASE_STRIP = YES;
				GCC_C_LANGUAGE_STANDARD = gnu99;
				GCC_VERSION = com.apple.compilers.llvm.clang.1_0;
				GCC_WARN_ABOUT_RETURN_TYPE = YES;
				GCC_WARN_UNINITIALIZED_AUTOS = YES;
				GCC_WARN_UNUSED_VARIABLE = YES;
				IPHONEOS_DEPLOYMENT_TARGET = 5.1;
				OTHER_CFLAGS = "-DNS_BLOCK_ASSERTIONS=1";
				SDKROOT = iphoneos;
				VALIDATE_PRODUCT = YES;
			};
			name = Release;
		};
		FB499AA715E69CBB0034C0D0 /* Debug */ = {
			isa = XCBuildConfiguration;
			buildSettings = {
				GCC_PRECOMPILE_PREFIX_HEADER = YES;
				GCC_PREFIX_HEADER = "AOC1wk4/AOC1wk4-Prefix.pch";
				INFOPLIST_FILE = "AOC1wk4/AOC1wk4-Info.plist";
				PRODUCT_NAME = "$(TARGET_NAME)";
				WRAPPER_EXTENSION = app;
			};
			name = Debug;
		};
		FB499AA815E69CBB0034C0D0 /* Release */ = {
			isa = XCBuildConfiguration;
			buildSettings = {
				GCC_PRECOMPILE_PREFIX_HEADER = YES;
				GCC_PREFIX_HEADER = "AOC1wk4/AOC1wk4-Prefix.pch";
				INFOPLIST_FILE = "AOC1wk4/AOC1wk4-Info.plist";
				PRODUCT_NAME = "$(TARGET_NAME)";
				WRAPPER_EXTENSION = app;
			};
			name = Release;
		};
/* End XCBuildConfiguration section */

/* Begin XCConfigurationList section */
		FB499A8215E69CBB0034C0D0 /* Build configuration list for PBXProject "AOC1wk4" */ = {
			isa = XCConfigurationList;
			buildConfigurations = (
				FB499AA415E69CBB0034C0D0 /* Debug */,
				FB499AA515E69CBB0034C0D0 /* Release */,
			);
			defaultConfigurationIsVisible = 0;
			defaultConfigurationName = Release;
		};
		FB499AA615E69CBB0034C0D0 /* Build configuration list for PBXNativeTarget "AOC1wk4" */ = {
			isa = XCConfigurationList;
			buildConfigurations = (
				FB499AA715E69CBB0034C0D0 /* Debug */,
				FB499AA815E69CBB0034C0D0 /* Release */,
			);
			defaultConfigurationIsVisible = 0;
		};
/* End XCConfigurationList section */
	};
	rootObject = FB499A7F15E69CBB0034C0D0 /* Project object */;
}
