// !$*UTF8*$!
{
	archiveVersion = 1;
	classes = {
	};
	objectVersion = 46;
	objects = {

/* Begin PBXBuildFile section */
		FB86F553159BDD04003D3126 /* Foundation.framework in Frameworks */ = {isa = PBXBuildFile; fileRef = FB86F552159BDD04003D3126 /* Foundation.framework */; };
		FB86F555159BDD04003D3126 /* UIKit.framework in Frameworks */ = {isa = PBXBuildFile; fileRef = FB86F554159BDD04003D3126 /* UIKit.framework */; };
		FB86F557159BDD04003D3126 /* CoreGraphics.framework in Frameworks */ = {isa = PBXBuildFile; fileRef = FB86F556159BDD04003D3126 /* CoreGraphics.framework */; };
		FB86F559159BDD04003D3126 /* AddressBook.framework in Frameworks */ = {isa = PBXBuildFile; fileRef = FB86F558159BDD04003D3126 /* AddressBook.framework */; };
		FB86F55B159BDD04003D3126 /* AddressBookUI.framework in Frameworks */ = {isa = PBXBuildFile; fileRef = FB86F55A159BDD04003D3126 /* AddressBookUI.framework */; };
		FB86F55D159BDD04003D3126 /* AudioToolbox.framework in Frameworks */ = {isa = PBXBuildFile; fileRef = FB86F55C159BDD04003D3126 /* AudioToolbox.framework */; };
		FB86F55F159BDD04003D3126 /* AVFoundation.framework in Frameworks */ = {isa = PBXBuildFile; fileRef = FB86F55E159BDD04003D3126 /* AVFoundation.framework */; };
		FB86F561159BDD04003D3126 /* CoreLocation.framework in Frameworks */ = {isa = PBXBuildFile; fileRef = FB86F560159BDD04003D3126 /* CoreLocation.framework */; };
		FB86F563159BDD04003D3126 /* MediaPlayer.framework in Frameworks */ = {isa = PBXBuildFile; fileRef = FB86F562159BDD04003D3126 /* MediaPlayer.framework */; };
		FB86F565159BDD04003D3126 /* QuartzCore.framework in Frameworks */ = {isa = PBXBuildFile; fileRef = FB86F564159BDD04003D3126 /* QuartzCore.framework */; };
		FB86F567159BDD04003D3126 /* SystemConfiguration.framework in Frameworks */ = {isa = PBXBuildFile; fileRef = FB86F566159BDD04003D3126 /* SystemConfiguration.framework */; };
		FB86F569159BDD04003D3126 /* MobileCoreServices.framework in Frameworks */ = {isa = PBXBuildFile; fileRef = FB86F568159BDD04003D3126 /* MobileCoreServices.framework */; };
		FB86F56B159BDD04003D3126 /* CoreMedia.framework in Frameworks */ = {isa = PBXBuildFile; fileRef = FB86F56A159BDD04003D3126 /* CoreMedia.framework */; };
		FB86F571159BDD04003D3126 /* InfoPlist.strings in Resources */ = {isa = PBXBuildFile; fileRef = FB86F56F159BDD04003D3126 /* InfoPlist.strings */; };
		FB86F573159BDD04003D3126 /* main.m in Sources */ = {isa = PBXBuildFile; fileRef = FB86F572159BDD04003D3126 /* main.m */; };
		FB86F576159BDD04003D3126 /* Cordova.framework in Frameworks */ = {isa = PBXBuildFile; fileRef = FB86F575159BDD04003D3126 /* Cordova.framework */; };
		FB86F57B159BDD04003D3126 /* Localizable.strings in Resources */ = {isa = PBXBuildFile; fileRef = FB86F579159BDD04003D3126 /* Localizable.strings */; };
		FB86F57F159BDD04003D3126 /* Localizable.strings in Resources */ = {isa = PBXBuildFile; fileRef = FB86F57D159BDD04003D3126 /* Localizable.strings */; };
		FB86F583159BDD04003D3126 /* Localizable.strings in Resources */ = {isa = PBXBuildFile; fileRef = FB86F581159BDD04003D3126 /* Localizable.strings */; };
		FB86F587159BDD04003D3126 /* Localizable.strings in Resources */ = {isa = PBXBuildFile; fileRef = FB86F585159BDD04003D3126 /* Localizable.strings */; };
		FB86F58A159BDD04003D3126 /* icon.png in Resources */ = {isa = PBXBuildFile; fileRef = FB86F589159BDD04003D3126 /* icon.png */; };
		FB86F58C159BDD04003D3126 /* icon@2x.png in Resources */ = {isa = PBXBuildFile; fileRef = FB86F58B159BDD04003D3126 /* icon@2x.png */; };
		FB86F58E159BDD04003D3126 /* icon-72.png in Resources */ = {isa = PBXBuildFile; fileRef = FB86F58D159BDD04003D3126 /* icon-72.png */; };
		FB86F591159BDD04003D3126 /* Default~iphone.png in Resources */ = {isa = PBXBuildFile; fileRef = FB86F590159BDD04003D3126 /* Default~iphone.png */; };
		FB86F593159BDD04003D3126 /* Default@2x~iphone.png in Resources */ = {isa = PBXBuildFile; fileRef = FB86F592159BDD04003D3126 /* Default@2x~iphone.png */; };
		FB86F595159BDD05003D3126 /* Capture.bundle in Resources */ = {isa = PBXBuildFile; fileRef = FB86F594159BDD05003D3126 /* Capture.bundle */; };
		FB86F597159BDD05003D3126 /* Cordova.plist in Resources */ = {isa = PBXBuildFile; fileRef = FB86F596159BDD05003D3126 /* Cordova.plist */; };
		FB86F59B159BDD05003D3126 /* AppDelegate.m in Sources */ = {isa = PBXBuildFile; fileRef = FB86F59A159BDD05003D3126 /* AppDelegate.m */; };
		FB86F59E159BDD05003D3126 /* MainViewController.m in Sources */ = {isa = PBXBuildFile; fileRef = FB86F59D159BDD05003D3126 /* MainViewController.m */; };
		FB86F5A0159BDD05003D3126 /* MainViewController.xib in Resources */ = {isa = PBXBuildFile; fileRef = FB86F59F159BDD05003D3126 /* MainViewController.xib */; };
/* End PBXBuildFile section */

/* Begin PBXFileReference section */
		FB86F54E159BDD04003D3126 /* idk.app */ = {isa = PBXFileReference; explicitFileType = wrapper.application; includeInIndex = 0; path = idk.app; sourceTree = BUILT_PRODUCTS_DIR; };
		FB86F552159BDD04003D3126 /* Foundation.framework */ = {isa = PBXFileReference; lastKnownFileType = wrapper.framework; name = Foundation.framework; path = System/Library/Frameworks/Foundation.framework; sourceTree = SDKROOT; };
		FB86F554159BDD04003D3126 /* UIKit.framework */ = {isa = PBXFileReference; lastKnownFileType = wrapper.framework; name = UIKit.framework; path = System/Library/Frameworks/UIKit.framework; sourceTree = SDKROOT; };
		FB86F556159BDD04003D3126 /* CoreGraphics.framework */ = {isa = PBXFileReference; lastKnownFileType = wrapper.framework; name = CoreGraphics.framework; path = System/Library/Frameworks/CoreGraphics.framework; sourceTree = SDKROOT; };
		FB86F558159BDD04003D3126 /* AddressBook.framework */ = {isa = PBXFileReference; lastKnownFileType = wrapper.framework; name = AddressBook.framework; path = System/Library/Frameworks/AddressBook.framework; sourceTree = SDKROOT; };
		FB86F55A159BDD04003D3126 /* AddressBookUI.framework */ = {isa = PBXFileReference; lastKnownFileType = wrapper.framework; name = AddressBookUI.framework; path = System/Library/Frameworks/AddressBookUI.framework; sourceTree = SDKROOT; };
		FB86F55C159BDD04003D3126 /* AudioToolbox.framework */ = {isa = PBXFileReference; lastKnownFileType = wrapper.framework; name = AudioToolbox.framework; path = System/Library/Frameworks/AudioToolbox.framework; sourceTree = SDKROOT; };
		FB86F55E159BDD04003D3126 /* AVFoundation.framework */ = {isa = PBXFileReference; lastKnownFileType = wrapper.framework; name = AVFoundation.framework; path = System/Library/Frameworks/AVFoundation.framework; sourceTree = SDKROOT; };
		FB86F560159BDD04003D3126 /* CoreLocation.framework */ = {isa = PBXFileReference; lastKnownFileType = wrapper.framework; name = CoreLocation.framework; path = System/Library/Frameworks/CoreLocation.framework; sourceTree = SDKROOT; };
		FB86F562159BDD04003D3126 /* MediaPlayer.framework */ = {isa = PBXFileReference; lastKnownFileType = wrapper.framework; name = MediaPlayer.framework; path = System/Library/Frameworks/MediaPlayer.framework; sourceTree = SDKROOT; };
		FB86F564159BDD04003D3126 /* QuartzCore.framework */ = {isa = PBXFileReference; lastKnownFileType = wrapper.framework; name = QuartzCore.framework; path = System/Library/Frameworks/QuartzCore.framework; sourceTree = SDKROOT; };
		FB86F566159BDD04003D3126 /* SystemConfiguration.framework */ = {isa = PBXFileReference; lastKnownFileType = wrapper.framework; name = SystemConfiguration.framework; path = System/Library/Frameworks/SystemConfiguration.framework; sourceTree = SDKROOT; };
		FB86F568159BDD04003D3126 /* MobileCoreServices.framework */ = {isa = PBXFileReference; lastKnownFileType = wrapper.framework; name = MobileCoreServices.framework; path = System/Library/Frameworks/MobileCoreServices.framework; sourceTree = SDKROOT; };
		FB86F56A159BDD04003D3126 /* CoreMedia.framework */ = {isa = PBXFileReference; lastKnownFileType = wrapper.framework; name = CoreMedia.framework; path = System/Library/Frameworks/CoreMedia.framework; sourceTree = SDKROOT; };
		FB86F56E159BDD04003D3126 /* idk-Info.plist */ = {isa = PBXFileReference; path = "idk-Info.plist"; sourceTree = "<group>"; };
		FB86F570159BDD04003D3126 /* en */ = {isa = PBXFileReference; lastKnownFileType = text.plist.strings; name = en; path = en.lproj/InfoPlist.strings; sourceTree = "<group>"; };
		FB86F572159BDD04003D3126 /* main.m */ = {isa = PBXFileReference; lastKnownFileType = sourcecode.c.objc; path = main.m; sourceTree = "<group>"; };
		FB86F574159BDD04003D3126 /* idk-Prefix.pch */ = {isa = PBXFileReference; path = "idk-Prefix.pch"; sourceTree = "<group>"; };
		FB86F575159BDD04003D3126 /* Cordova.framework */ = {isa = PBXFileReference; lastKnownFileType = wrapper.framework; name = Cordova.framework; path = /Users/Shared/Cordova/Frameworks/Cordova.framework; sourceTree = "<absolute>"; };
		FB86F57A159BDD04003D3126 /* en */ = {isa = PBXFileReference; lastKnownFileType = text.plist.strings; name = en; path = Resources/en.lproj/Localizable.strings; sourceTree = "<group>"; };
		FB86F57E159BDD04003D3126 /* es */ = {isa = PBXFileReference; lastKnownFileType = text.plist.strings; name = es; path = Resources/es.lproj/Localizable.strings; sourceTree = "<group>"; };
		FB86F582159BDD04003D3126 /* de */ = {isa = PBXFileReference; lastKnownFileType = text.plist.strings; name = de; path = Resources/de.lproj/Localizable.strings; sourceTree = "<group>"; };
		FB86F586159BDD04003D3126 /* se */ = {isa = PBXFileReference; lastKnownFileType = text.plist.strings; name = se; path = Resources/se.lproj/Localizable.strings; sourceTree = "<group>"; };
		FB86F589159BDD04003D3126 /* icon.png */ = {isa = PBXFileReference; lastKnownFileType = image.png; name = icon.png; path = Resources/icons/icon.png; sourceTree = "<group>"; };
		FB86F58B159BDD04003D3126 /* icon@2x.png */ = {isa = PBXFileReference; lastKnownFileType = image.png; name = "icon@2x.png"; path = "Resources/icons/icon@2x.png"; sourceTree = "<group>"; };
		FB86F58D159BDD04003D3126 /* icon-72.png */ = {isa = PBXFileReference; lastKnownFileType = image.png; name = "icon-72.png"; path = "Resources/icons/icon-72.png"; sourceTree = "<group>"; };
		FB86F590159BDD04003D3126 /* Default~iphone.png */ = {isa = PBXFileReference; lastKnownFileType = image.png; name = "Default~iphone.png"; path = "Resources/splash/Default~iphone.png"; sourceTree = "<group>"; };
		FB86F592159BDD04003D3126 /* Default@2x~iphone.png */ = {isa = PBXFileReference; lastKnownFileType = image.png; name = "Default@2x~iphone.png"; path = "Resources/splash/Default@2x~iphone.png"; sourceTree = "<group>"; };
		FB86F594159BDD05003D3126 /* Capture.bundle */ = {isa = PBXFileReference; lastKnownFileType = "wrapper.plug-in"; name = Capture.bundle; path = Resources/Capture.bundle; sourceTree = "<group>"; };
		FB86F596159BDD05003D3126 /* Cordova.plist */ = {isa = PBXFileReference; lastKnownFileType = text.plist.xml; path = Cordova.plist; sourceTree = "<group>"; };
		FB86F599159BDD05003D3126 /* AppDelegate.h */ = {isa = PBXFileReference; name = AppDelegate.h; path = Classes/AppDelegate.h; sourceTree = "<group>"; };
		FB86F59A159BDD05003D3126 /* AppDelegate.m */ = {isa = PBXFileReference; lastKnownFileType = sourcecode.c.objc; name = AppDelegate.m; path = Classes/AppDelegate.m; sourceTree = "<group>"; };
		FB86F59C159BDD05003D3126 /* MainViewController.h */ = {isa = PBXFileReference; name = MainViewController.h; path = Classes/MainViewController.h; sourceTree = "<group>"; };
		FB86F59D159BDD05003D3126 /* MainViewController.m */ = {isa = PBXFileReference; lastKnownFileType = sourcecode.c.objc; name = MainViewController.m; path = Classes/MainViewController.m; sourceTree = "<group>"; };
		FB86F59F159BDD05003D3126 /* MainViewController.xib */ = {isa = PBXFileReference; lastKnownFileType = file.xib; name = MainViewController.xib; path = Classes/MainViewController.xib; sourceTree = "<group>"; };
		FB86F5A2159BDD05003D3126 /* README */ = {isa = PBXFileReference; name = README; path = Plugins/README; sourceTree = "<group>"; };
		FB86F5A3159BDD05003D3126 /* verify.sh */ = {isa = PBXFileReference; path = verify.sh; sourceTree = "<group>"; };
/* End PBXFileReference section */

/* Begin PBXFrameworksBuildPhase section */
		FB86F548159BDD04003D3126 /* Frameworks */ = {
			isa = PBXFrameworksBuildPhase;
			buildActionMask = 2147483647;
			files = (
				FB86F553159BDD04003D3126 /* Foundation.framework in Frameworks */,
				FB86F555159BDD04003D3126 /* UIKit.framework in Frameworks */,
				FB86F557159BDD04003D3126 /* CoreGraphics.framework in Frameworks */,
				FB86F559159BDD04003D3126 /* AddressBook.framework in Frameworks */,
				FB86F55B159BDD04003D3126 /* AddressBookUI.framework in Frameworks */,
				FB86F55D159BDD04003D3126 /* AudioToolbox.framework in Frameworks */,
				FB86F55F159BDD04003D3126 /* AVFoundation.framework in Frameworks */,
				FB86F561159BDD04003D3126 /* CoreLocation.framework in Frameworks */,
				FB86F563159BDD04003D3126 /* MediaPlayer.framework in Frameworks */,
				FB86F565159BDD04003D3126 /* QuartzCore.framework in Frameworks */,
				FB86F567159BDD04003D3126 /* SystemConfiguration.framework in Frameworks */,
				FB86F569159BDD04003D3126 /* MobileCoreServices.framework in Frameworks */,
				FB86F56B159BDD04003D3126 /* CoreMedia.framework in Frameworks */,
				FB86F576159BDD04003D3126 /* Cordova.framework in Frameworks */,
			);
			runOnlyForDeploymentPostprocessing = 0;
		};
		FB86F54B159BDD04003D3126 /* Frameworks */ = {
			isa = PBXFrameworksBuildPhase;
			buildActionMask = 2147483647;
			files = (
			);
			runOnlyForDeploymentPostprocessing = 0;
		};
/* End PBXFrameworksBuildPhase section */

/* Begin PBXGroup section */
		FB86F540159BDD04003D3126 = {
			isa = PBXGroup;
			children = (
				FB86F56C159BDD04003D3126 /* idk */,
				FB86F551159BDD04003D3126 /* Frameworks */,
				FB86F54F159BDD04003D3126 /* Products */,
			);
			sourceTree = "<group>";
		};
		FB86F54F159BDD04003D3126 /* Products */ = {
			isa = PBXGroup;
			children = (
				FB86F54E159BDD04003D3126 /* idk.app */,
			);
			name = Products;
			sourceTree = "<group>";
		};
		FB86F551159BDD04003D3126 /* Frameworks */ = {
			isa = PBXGroup;
			children = (
				FB86F552159BDD04003D3126 /* Foundation.framework */,
				FB86F554159BDD04003D3126 /* UIKit.framework */,
				FB86F556159BDD04003D3126 /* CoreGraphics.framework */,
				FB86F558159BDD04003D3126 /* AddressBook.framework */,
				FB86F55A159BDD04003D3126 /* AddressBookUI.framework */,
				FB86F55C159BDD04003D3126 /* AudioToolbox.framework */,
				FB86F55E159BDD04003D3126 /* AVFoundation.framework */,
				FB86F560159BDD04003D3126 /* CoreLocation.framework */,
				FB86F562159BDD04003D3126 /* MediaPlayer.framework */,
				FB86F564159BDD04003D3126 /* QuartzCore.framework */,
				FB86F566159BDD04003D3126 /* SystemConfiguration.framework */,
				FB86F568159BDD04003D3126 /* MobileCoreServices.framework */,
				FB86F56A159BDD04003D3126 /* CoreMedia.framework */,
			);
			name = Frameworks;
			sourceTree = "<group>";
		};
		FB86F56C159BDD04003D3126 /* idk */ = {
			isa = PBXGroup;
			children = (
				FB86F575159BDD04003D3126 /* Cordova.framework */,
				FB86F577159BDD04003D3126 /* Resources */,
				FB86F598159BDD05003D3126 /* Classes */,
				FB86F5A1159BDD05003D3126 /* Plugins */,
				FB86F56D159BDD04003D3126 /* Supporting Files */,
			);
			path = idk;
			sourceTree = "<group>";
		};
		FB86F56D159BDD04003D3126 /* Supporting Files */ = {
			isa = PBXGroup;
			children = (
				FB86F56E159BDD04003D3126 /* idk-Info.plist */,
				FB86F56F159BDD04003D3126 /* InfoPlist.strings */,
				FB86F572159BDD04003D3126 /* main.m */,
				FB86F574159BDD04003D3126 /* idk-Prefix.pch */,
				FB86F596159BDD05003D3126 /* Cordova.plist */,
				FB86F59F159BDD05003D3126 /* MainViewController.xib */,
				FB86F5A3159BDD05003D3126 /* verify.sh */,
			);
			name = "Supporting Files";
			sourceTree = "<group>";
		};
		FB86F577159BDD04003D3126 /* Resources */ = {
			isa = PBXGroup;
			children = (
				FB86F594159BDD05003D3126 /* Capture.bundle */,
				FB86F578159BDD04003D3126 /* en.lproj */,
				FB86F57C159BDD04003D3126 /* es.lproj */,
				FB86F580159BDD04003D3126 /* de.lproj */,
				FB86F584159BDD04003D3126 /* se.lproj */,
				FB86F588159BDD04003D3126 /* icons */,
				FB86F58F159BDD04003D3126 /* splash */,
			);
			name = Resources;
			sourceTree = "<group>";
		};
		FB86F578159BDD04003D3126 /* en.lproj */ = {
			isa = PBXGroup;
			children = (
				FB86F579159BDD04003D3126 /* Localizable.strings */,
			);
			name = en.lproj;
			sourceTree = "<group>";
		};
		FB86F57C159BDD04003D3126 /* es.lproj */ = {
			isa = PBXGroup;
			children = (
				FB86F57D159BDD04003D3126 /* Localizable.strings */,
			);
			name = es.lproj;
			sourceTree = "<group>";
		};
		FB86F580159BDD04003D3126 /* de.lproj */ = {
			isa = PBXGroup;
			children = (
				FB86F581159BDD04003D3126 /* Localizable.strings */,
			);
			name = de.lproj;
			sourceTree = "<group>";
		};
		FB86F584159BDD04003D3126 /* se.lproj */ = {
			isa = PBXGroup;
			children = (
				FB86F585159BDD04003D3126 /* Localizable.strings */,
			);
			name = se.lproj;
			sourceTree = "<group>";
		};
		FB86F588159BDD04003D3126 /* icons */ = {
			isa = PBXGroup;
			children = (
				FB86F589159BDD04003D3126 /* icon.png */,
				FB86F58B159BDD04003D3126 /* icon@2x.png */,
				FB86F58D159BDD04003D3126 /* icon-72.png */,
			);
			name = icons;
			sourceTree = "<group>";
		};
		FB86F58F159BDD04003D3126 /* splash */ = {
			isa = PBXGroup;
			children = (
				FB86F590159BDD04003D3126 /* Default~iphone.png */,
				FB86F592159BDD04003D3126 /* Default@2x~iphone.png */,
			);
			name = splash;
			sourceTree = "<group>";
		};
		FB86F598159BDD05003D3126 /* Classes */ = {
			isa = PBXGroup;
			children = (
				FB86F599159BDD05003D3126 /* AppDelegate.h */,
				FB86F59A159BDD05003D3126 /* AppDelegate.m */,
				FB86F59C159BDD05003D3126 /* MainViewController.h */,
				FB86F59D159BDD05003D3126 /* MainViewController.m */,
			);
			name = Classes;
			sourceTree = "<group>";
		};
		FB86F5A1159BDD05003D3126 /* Plugins */ = {
			isa = PBXGroup;
			children = (
				FB86F5A2159BDD05003D3126 /* README */,
			);
			name = Plugins;
			sourceTree = "<group>";
		};
/* End PBXGroup section */

/* Begin PBXNativeTarget section */
		FB86F54D159BDD04003D3126 /* idk */ = {
			isa = PBXNativeTarget;
			buildConfigurationList = FB86F5A6159BDD05003D3126 /* Build configuration list for PBXNativeTarget "idk" */;
			buildPhases = (
				FB86F547159BDD04003D3126 /* Sources */,
				FB86F548159BDD04003D3126 /* Frameworks */,
				FB86F549159BDD04003D3126 /* Resources */,
				FB86F54A159BDD04003D3126 /* Sources */,
				FB86F54B159BDD04003D3126 /* Frameworks */,
				FB86F54C159BDD04003D3126 /* ShellScript */,
			);
			buildRules = (
			);
			dependencies = (
			);
			name = idk;
			productName = idk;
			productReference = FB86F54E159BDD04003D3126 /* idk.app */;
			productType = "com.apple.product-type.application";
		};
/* End PBXNativeTarget section */

/* Begin PBXProject section */
		FB86F542159BDD04003D3126 /* Project object */ = {
			isa = PBXProject;
			attributes = {
				LastUpgradeCheck = 0430;
			};
			buildConfigurationList = FB86F545159BDD04003D3126 /* Build configuration list for PBXProject "idk" */;
			compatibilityVersion = "Xcode 3.2";
			developmentRegion = English;
			hasScannedForEncodings = 0;
			knownRegions = (
				en,
				es,
				de,
				se,
			);
			mainGroup = FB86F540159BDD04003D3126;
			productRefGroup = FB86F54F159BDD04003D3126 /* Products */;
			projectDirPath = "";
			projectRoot = "";
			targets = (
				FB86F54D159BDD04003D3126 /* idk */,
			);
		};
/* End PBXProject section */

/* Begin PBXResourcesBuildPhase section */
		FB86F549159BDD04003D3126 /* Resources */ = {
			isa = PBXResourcesBuildPhase;
			buildActionMask = 2147483647;
			files = (
				FB86F571159BDD04003D3126 /* InfoPlist.strings in Resources */,
				FB86F57B159BDD04003D3126 /* Localizable.strings in Resources */,
				FB86F57F159BDD04003D3126 /* Localizable.strings in Resources */,
				FB86F583159BDD04003D3126 /* Localizable.strings in Resources */,
				FB86F587159BDD04003D3126 /* Localizable.strings in Resources */,
				FB86F58A159BDD04003D3126 /* icon.png in Resources */,
				FB86F58C159BDD04003D3126 /* icon@2x.png in Resources */,
				FB86F58E159BDD04003D3126 /* icon-72.png in Resources */,
				FB86F591159BDD04003D3126 /* Default~iphone.png in Resources */,
				FB86F593159BDD04003D3126 /* Default@2x~iphone.png in Resources */,
				FB86F595159BDD05003D3126 /* Capture.bundle in Resources */,
				FB86F597159BDD05003D3126 /* Cordova.plist in Resources */,
				FB86F5A0159BDD05003D3126 /* MainViewController.xib in Resources */,
			);
			runOnlyForDeploymentPostprocessing = 0;
		};
/* End PBXResourcesBuildPhase section */

/* Begin PBXShellScriptBuildPhase section */
		FB86F54C159BDD04003D3126 /* ShellScript */ = {
			isa = PBXShellScriptBuildPhase;
			buildActionMask = 2147483647;
			files = (
			);
			inputPaths = (
			);
			outputPaths = (
			);
			runOnlyForDeploymentPostprocessing = 0;
			shellPath = /bin/bash;
			shellScript = "\n\t\t\t\t\t\t\t\tchmod 755 \"$PROJECT_DIR/$PROJECT_NAME/verify.sh\"\n\t\t\t\t\t\t\t\t\"$PROJECT_DIR/$PROJECT_NAME/verify.sh\"\n\t\t\t\t\t";
		};
/* End PBXShellScriptBuildPhase section */

/* Begin PBXSourcesBuildPhase section */
		FB86F547159BDD04003D3126 /* Sources */ = {
			isa = PBXSourcesBuildPhase;
			buildActionMask = 2147483647;
			files = (
				FB86F573159BDD04003D3126 /* main.m in Sources */,
				FB86F59B159BDD05003D3126 /* AppDelegate.m in Sources */,
				FB86F59E159BDD05003D3126 /* MainViewController.m in Sources */,
			);
			runOnlyForDeploymentPostprocessing = 0;
		};
		FB86F54A159BDD04003D3126 /* Sources */ = {
			isa = PBXSourcesBuildPhase;
			buildActionMask = 2147483647;
			files = (
			);
			runOnlyForDeploymentPostprocessing = 0;
		};
/* End PBXSourcesBuildPhase section */

/* Begin PBXVariantGroup section */
		FB86F56F159BDD04003D3126 /* InfoPlist.strings */ = {
			isa = PBXVariantGroup;
			children = (
				FB86F570159BDD04003D3126 /* en */,
			);
			name = InfoPlist.strings;
			sourceTree = "<group>";
		};
		FB86F579159BDD04003D3126 /* Localizable.strings */ = {
			isa = PBXVariantGroup;
			children = (
				FB86F57A159BDD04003D3126 /* en */,
			);
			name = Localizable.strings;
			sourceTree = "<group>";
		};
		FB86F57D159BDD04003D3126 /* Localizable.strings */ = {
			isa = PBXVariantGroup;
			children = (
				FB86F57E159BDD04003D3126 /* es */,
			);
			name = Localizable.strings;
			sourceTree = "<group>";
		};
		FB86F581159BDD04003D3126 /* Localizable.strings */ = {
			isa = PBXVariantGroup;
			children = (
				FB86F582159BDD04003D3126 /* de */,
			);
			name = Localizable.strings;
			sourceTree = "<group>";
		};
		FB86F585159BDD04003D3126 /* Localizable.strings */ = {
			isa = PBXVariantGroup;
			children = (
				FB86F586159BDD04003D3126 /* se */,
			);
			name = Localizable.strings;
			sourceTree = "<group>";
		};
/* End PBXVariantGroup section */

/* Begin XCBuildConfiguration section */
		FB86F5A4159BDD05003D3126 /* Debug */ = {
			isa = XCBuildConfiguration;
			buildSettings = {
				ALWAYS_SEARCH_USER_PATHS = NO;
				ARCHS = (
					armv6,
					"$(ARCHS_STANDARD_32_BIT)",
				);
				"CODE_SIGN_IDENTITY[sdk=iphoneos*]" = "iPhone Developer";
				COPY_PHASE_STRIP = NO;
				GCC_C_LANGUAGE_STANDARD = gnu99;
				GCC_DYNAMIC_NO_PIC = NO;
				GCC_OPTIMIZATION_LEVEL = 0;
				GCC_PREPROCESSOR_DEFINITIONS = (
					"DEBUG=1",
					"$(inherited)",
				);
				GCC_SYMBOLS_PRIVATE_EXTERN = NO;
				GCC_VERSION = com.apple.compilers.llvm.clang.1_0;
				GCC_WARN_ABOUT_RETURN_TYPE = YES;
				GCC_WARN_UNINITIALIZED_AUTOS = YES;
				GCC_WARN_UNUSED_VARIABLE = YES;
				IPHONEOS_DEPLOYMENT_TARGET = 3.0;
				SDKROOT = iphoneos;
			};
			name = Debug;
		};
		FB86F5A5159BDD05003D3126 /* Release */ = {
			isa = XCBuildConfiguration;
			buildSettings = {
				ALWAYS_SEARCH_USER_PATHS = NO;
				ARCHS = (
					armv6,
					"$(ARCHS_STANDARD_32_BIT)",
				);
				"CODE_SIGN_IDENTITY[sdk=iphoneos*]" = "iPhone Developer";
				COPY_PHASE_STRIP = YES;
				GCC_C_LANGUAGE_STANDARD = gnu99;
				GCC_VERSION = com.apple.compilers.llvm.clang.1_0;
				GCC_WARN_ABOUT_RETURN_TYPE = YES;
				GCC_WARN_UNINITIALIZED_AUTOS = YES;
				GCC_WARN_UNUSED_VARIABLE = YES;
				IPHONEOS_DEPLOYMENT_TARGET = 3.0;
				SDKROOT = iphoneos;
				VALIDATE_PRODUCT = YES;
			};
			name = Release;
		};
		FB86F5A7159BDD05003D3126 /* Debug */ = {
			isa = XCBuildConfiguration;
			buildSettings = {
				ALWAYS_SEARCH_USER_PATHS = YES;
				COPY_PHASE_STRIP = NO;
				FRAMEWORK_SEARCH_PATHS = /Users/Shared/Cordova/Frameworks;
				GCC_DYNAMIC_NO_PIC = NO;
				GCC_PRECOMPILE_PREFIX_HEADER = YES;
				GCC_PREFIX_HEADER = "idk/idk-Prefix.pch";
				GCC_PREPROCESSOR_DEFINITIONS = (
					"DEBUG=1,",
					"CORDOVA_FRAMEWORK=1",
				);
				INFOPLIST_FILE = "idk/idk-Info.plist";
				OTHER_LDFLAGS = (
					"-weak_framework",
					UIKit,
					"-weak_framework",
					AVFoundation,
					"-weak_framework",
					CoreMedia,
					"-weak-lSystem",
				);
				PRODUCT_NAME = "$(TARGET_NAME)";
				TARGETED_DEVICE_FAMILY = "1,2";
				WRAPPER_EXTENSION = app;
			};
			name = Debug;
		};
		FB86F5A8159BDD05003D3126 /* Release */ = {
			isa = XCBuildConfiguration;
			buildSettings = {
				ALWAYS_SEARCH_USER_PATHS = YES;
				COPY_PHASE_STRIP = YES;
				DEBUG_INFORMATION_FORMAT = "dwarf-with-dsym";
				FRAMEWORK_SEARCH_PATHS = /Users/Shared/Cordova/Frameworks;
				GCC_PRECOMPILE_PREFIX_HEADER = YES;
				GCC_PREFIX_HEADER = "idk/idk-Prefix.pch";
				GCC_PREPROCESSOR_DEFINITIONS = (
					"NDEBUG=1,",
					"CORDOVA_FRAMEWORK=1",
				);
				INFOPLIST_FILE = "idk/idk-Info.plist";
				OTHER_LDFLAGS = (
					"-weak_framework",
					UIKit,
					"-weak_framework",
					AVFoundation,
					"-weak_framework",
					CoreMedia,
					"-weak-lSystem",
				);
				PRODUCT_NAME = "$(TARGET_NAME)";
				TARGETED_DEVICE_FAMILY = "1,2";
				VALIDATE_PRODUCT = YES;
				WRAPPER_EXTENSION = app;
			};
			name = Release;
		};
/* End XCBuildConfiguration section */

/* Begin XCConfigurationList section */
		FB86F545159BDD04003D3126 /* Build configuration list for PBXProject "idk" */ = {
			isa = XCConfigurationList;
			buildConfigurations = (
				FB86F5A4159BDD05003D3126 /* Debug */,
				FB86F5A5159BDD05003D3126 /* Release */,
			);
			defaultConfigurationIsVisible = 0;
			defaultConfigurationName = Release;
		};
		FB86F5A6159BDD05003D3126 /* Build configuration list for PBXNativeTarget "idk" */ = {
			isa = XCConfigurationList;
			buildConfigurations = (
				FB86F5A7159BDD05003D3126 /* Debug */,
				FB86F5A8159BDD05003D3126 /* Release */,
			);
			defaultConfigurationIsVisible = 0;
		};
/* End XCConfigurationList section */
	};
	rootObject = FB86F542159BDD04003D3126 /* Project object */;
}
